// !$*UTF8*$!
{
	archiveVersion = 1;
	classes = {
	};
	objectVersion = 48;
	objects = {

/* Begin PBXBuildFile section */
		870CAF361FD717E00087A29A /* AppDelegate.swift in Sources */ = {isa = PBXBuildFile; fileRef = 870CAF351FD717E00087A29A /* AppDelegate.swift */; };
		870CAF381FD717E00087A29A /* ViewController.swift in Sources */ = {isa = PBXBuildFile; fileRef = 870CAF371FD717E00087A29A /* ViewController.swift */; };
		870CAF3B1FD717E00087A29A /* Main.storyboard in Resources */ = {isa = PBXBuildFile; fileRef = 870CAF391FD717E00087A29A /* Main.storyboard */; };
		870CAF3D1FD717E00087A29A /* Assets.xcassets in Resources */ = {isa = PBXBuildFile; fileRef = 870CAF3C1FD717E00087A29A /* Assets.xcassets */; };
		870CAF401FD717E00087A29A /* LaunchScreen.storyboard in Resources */ = {isa = PBXBuildFile; fileRef = 870CAF3E1FD717E00087A29A /* LaunchScreen.storyboard */; };
		873EAE431FD741DB00DE52A6 /* GoogleService-Info.plist in Resources */ = {isa = PBXBuildFile; fileRef = 873EAE421FD741DB00DE52A6 /* GoogleService-Info.plist */; };
		DB79DBEA678E4A949D861501 /* Pods_UaiTreino.framework in Frameworks */ = {isa = PBXBuildFile; fileRef = 4AE2D58DA4B7E0E294BC5072 /* Pods_UaiTreino.framework */; };
/* End PBXBuildFile section */

/* Begin PBXFileReference section */
		4AE2D58DA4B7E0E294BC5072 /* Pods_UaiTreino.framework */ = {isa = PBXFileReference; explicitFileType = wrapper.framework; includeInIndex = 0; path = Pods_UaiTreino.framework; sourceTree = BUILT_PRODUCTS_DIR; };
		7AAFAA8CEAAC019B91D48E8C /* Pods-UaiTreino.release.xcconfig */ = {isa = PBXFileReference; includeInIndex = 1; lastKnownFileType = text.xcconfig; name = "Pods-UaiTreino.release.xcconfig"; path = "Pods/Target Support Files/Pods-UaiTreino/Pods-UaiTreino.release.xcconfig"; sourceTree = "<group>"; };
		870CAF321FD717E00087A29A /* UaiTreino.app */ = {isa = PBXFileReference; explicitFileType = wrapper.application; includeInIndex = 0; path = UaiTreino.app; sourceTree = BUILT_PRODUCTS_DIR; };
		870CAF351FD717E00087A29A /* AppDelegate.swift */ = {isa = PBXFileReference; lastKnownFileType = sourcecode.swift; path = AppDelegate.swift; sourceTree = "<group>"; };
		870CAF371FD717E00087A29A /* ViewController.swift */ = {isa = PBXFileReference; lastKnownFileType = sourcecode.swift; path = ViewController.swift; sourceTree = "<group>"; };
		870CAF3A1FD717E00087A29A /* Base */ = {isa = PBXFileReference; lastKnownFileType = file.storyboard; name = Base; path = Base.lproj/Main.storyboard; sourceTree = "<group>"; };
		870CAF3C1FD717E00087A29A /* Assets.xcassets */ = {isa = PBXFileReference; lastKnownFileType = folder.assetcatalog; path = Assets.xcassets; sourceTree = "<group>"; };
		870CAF3F1FD717E00087A29A /* Base */ = {isa = PBXFileReference; lastKnownFileType = file.storyboard; name = Base; path = Base.lproj/LaunchScreen.storyboard; sourceTree = "<group>"; };
		870CAF411FD717E00087A29A /* Info.plist */ = {isa = PBXFileReference; lastKnownFileType = text.plist.xml; path = Info.plist; sourceTree = "<group>"; };
		873EAE421FD741DB00DE52A6 /* GoogleService-Info.plist */ = {isa = PBXFileReference; fileEncoding = 4; lastKnownFileType = text.plist.xml; path = "GoogleService-Info.plist"; sourceTree = "<group>"; };
		D6EE309A33502B7F23C691B7 /* Pods-UaiTreino.debug.xcconfig */ = {isa = PBXFileReference; includeInIndex = 1; lastKnownFileType = text.xcconfig; name = "Pods-UaiTreino.debug.xcconfig"; path = "Pods/Target Support Files/Pods-UaiTreino/Pods-UaiTreino.debug.xcconfig"; sourceTree = "<group>"; };
/* End PBXFileReference section */

/* Begin PBXFrameworksBuildPhase section */
		870CAF2F1FD717E00087A29A /* Frameworks */ = {
			isa = PBXFrameworksBuildPhase;
			buildActionMask = 2147483647;
			files = (
				DB79DBEA678E4A949D861501 /* Pods_UaiTreino.framework in Frameworks */,
			);
			runOnlyForDeploymentPostprocessing = 0;
		};
/* End PBXFrameworksBuildPhase section */

/* Begin PBXGroup section */
		870CAF291FD717E00087A29A = {
			isa = PBXGroup;
			children = (
				870CAF341FD717E00087A29A /* UaiTreino */,
				870CAF331FD717E00087A29A /* Products */,
				DD03C723FD621E2AE54AFABF /* Pods */,
				F8AF1435676FF82DFD702AE8 /* Frameworks */,
			);
			sourceTree = "<group>";
		};
		870CAF331FD717E00087A29A /* Products */ = {
			isa = PBXGroup;
			children = (
				870CAF321FD717E00087A29A /* UaiTreino.app */,
			);
			name = Products;
			sourceTree = "<group>";
		};
		870CAF341FD717E00087A29A /* UaiTreino */ = {
			isa = PBXGroup;
			children = (
				87D8A1B91FD71A4500AFA2A1 /* Controller */,
				87D8A1B81FD71A4000AFA2A1 /* View */,
				87D8A1B71FD71A3800AFA2A1 /* Model */,
				87D8A1B61FD71A0B00AFA2A1 /* Support Files */,
			);
			path = UaiTreino;
			sourceTree = "<group>";
		};
		87D8A1B61FD71A0B00AFA2A1 /* Support Files */ = {
			isa = PBXGroup;
			children = (
				870CAF351FD717E00087A29A /* AppDelegate.swift */,
				870CAF3C1FD717E00087A29A /* Assets.xcassets */,
				870CAF3E1FD717E00087A29A /* LaunchScreen.storyboard */,
				870CAF411FD717E00087A29A /* Info.plist */,
				873EAE421FD741DB00DE52A6 /* GoogleService-Info.plist */,
			);
			name = "Support Files";
			sourceTree = "<group>";
		};
		87D8A1B71FD71A3800AFA2A1 /* Model */ = {
			isa = PBXGroup;
			children = (
			);
			path = Model;
			sourceTree = "<group>";
		};
		87D8A1B81FD71A4000AFA2A1 /* View */ = {
			isa = PBXGroup;
			children = (
				870CAF371FD717E00087A29A /* ViewController.swift */,
				870CAF391FD717E00087A29A /* Main.storyboard */,
			);
			path = View;
			sourceTree = "<group>";
		};
		87D8A1B91FD71A4500AFA2A1 /* Controller */ = {
			isa = PBXGroup;
			children = (
			);
			path = Controller;
			sourceTree = "<group>";
		};
		DD03C723FD621E2AE54AFABF /* Pods */ = {
			isa = PBXGroup;
			children = (
				D6EE309A33502B7F23C691B7 /* Pods-UaiTreino.debug.xcconfig */,
				7AAFAA8CEAAC019B91D48E8C /* Pods-UaiTreino.release.xcconfig */,
			);
			name = Pods;
			sourceTree = "<group>";
		};
		F8AF1435676FF82DFD702AE8 /* Frameworks */ = {
			isa = PBXGroup;
			children = (
				4AE2D58DA4B7E0E294BC5072 /* Pods_UaiTreino.framework */,
			);
			name = Frameworks;
			sourceTree = "<group>";
		};
/* End PBXGroup section */

/* Begin PBXNativeTarget section */
		870CAF311FD717E00087A29A /* UaiTreino */ = {
			isa = PBXNativeTarget;
			buildConfigurationList = 870CAF441FD717E00087A29A /* Build configuration list for PBXNativeTarget "UaiTreino" */;
			buildPhases = (
				C6E982B54F05255C9BF10DE8 /* [CP] Check Pods Manifest.lock */,
				870CAF2E1FD717E00087A29A /* Sources */,
				870CAF2F1FD717E00087A29A /* Frameworks */,
				870CAF301FD717E00087A29A /* Resources */,
				07A619EFD567CB109E5C2B80 /* [CP] Embed Pods Frameworks */,
				93106FBB7C5DFE45B2C60E8B /* [CP] Copy Pods Resources */,
			);
			buildRules = (
			);
			dependencies = (
			);
			name = UaiTreino;
			productName = UaiTreino;
			productReference = 870CAF321FD717E00087A29A /* UaiTreino.app */;
			productType = "com.apple.product-type.application";
		};
/* End PBXNativeTarget section */

/* Begin PBXProject section */
		870CAF2A1FD717E00087A29A /* Project object */ = {
			isa = PBXProject;
			attributes = {
				LastSwiftUpdateCheck = 0910;
				LastUpgradeCheck = 0910;
				ORGANIZATIONNAME = "Uai Treino Ltda";
				TargetAttributes = {
					870CAF311FD717E00087A29A = {
						CreatedOnToolsVersion = 9.1;
						ProvisioningStyle = Automatic;
					};
				};
			};
			buildConfigurationList = 870CAF2D1FD717E00087A29A /* Build configuration list for PBXProject "UaiTreino" */;
			compatibilityVersion = "Xcode 8.0";
			developmentRegion = en;
			hasScannedForEncodings = 0;
			knownRegions = (
				en,
				Base,
			);
			mainGroup = 870CAF291FD717E00087A29A;
			productRefGroup = 870CAF331FD717E00087A29A /* Products */;
			projectDirPath = "";
			projectRoot = "";
			targets = (
				870CAF311FD717E00087A29A /* UaiTreino */,
			);
		};
/* End PBXProject section */

/* Begin PBXResourcesBuildPhase section */
		870CAF301FD717E00087A29A /* Resources */ = {
			isa = PBXResourcesBuildPhase;
			buildActionMask = 2147483647;
			files = (
				870CAF401FD717E00087A29A /* LaunchScreen.storyboard in Resources */,
				873EAE431FD741DB00DE52A6 /* GoogleService-Info.plist in Resources */,
				870CAF3D1FD717E00087A29A /* Assets.xcassets in Resources */,
				870CAF3B1FD717E00087A29A /* Main.storyboard in Resources */,
			);
			runOnlyForDeploymentPostprocessing = 0;
		};
/* End PBXResourcesBuildPhase section */

/* Begin PBXShellScriptBuildPhase section */
		07A619EFD567CB109E5C2B80 /* [CP] Embed Pods Frameworks */ = {
			isa = PBXShellScriptBuildPhase;
			buildActionMask = 2147483647;
			files = (
			);
			inputPaths = (
				"${SRCROOT}/Pods/Target Support Files/Pods-UaiTreino/Pods-UaiTreino-frameworks.sh",
				"${BUILT_PRODUCTS_DIR}/Alamofire/Alamofire.framework",
				"${BUILT_PRODUCTS_DIR}/Eureka/Eureka.framework",
				"${BUILT_PRODUCTS_DIR}/Genome/Genome.framework",
				"${BUILT_PRODUCTS_DIR}/GoogleToolboxForMac/GoogleToolboxForMac.framework",
				"${BUILT_PRODUCTS_DIR}/Hero/Hero.framework",
				"${BUILT_PRODUCTS_DIR}/IQKeyboardManagerSwift/IQKeyboardManagerSwift.framework",
				"${BUILT_PRODUCTS_DIR}/Kingfisher/Kingfisher.framework",
				"${BUILT_PRODUCTS_DIR}/RAMAnimatedTabBarController/RAMAnimatedTabBarController.framework",
				"${BUILT_PRODUCTS_DIR}/Spring/Spring.framework",
				"${BUILT_PRODUCTS_DIR}/SwiftyAvatar/SwiftyAvatar.framework",
				"${BUILT_PRODUCTS_DIR}/nanopb/nanopb.framework",
			);
			name = "[CP] Embed Pods Frameworks";
			outputPaths = (
				"${TARGET_BUILD_DIR}/${FRAMEWORKS_FOLDER_PATH}/Alamofire.framework",
				"${TARGET_BUILD_DIR}/${FRAMEWORKS_FOLDER_PATH}/Eureka.framework",
				"${TARGET_BUILD_DIR}/${FRAMEWORKS_FOLDER_PATH}/Genome.framework",
				"${TARGET_BUILD_DIR}/${FRAMEWORKS_FOLDER_PATH}/GoogleToolboxForMac.framework",
				"${TARGET_BUILD_DIR}/${FRAMEWORKS_FOLDER_PATH}/Hero.framework",
				"${TARGET_BUILD_DIR}/${FRAMEWORKS_FOLDER_PATH}/IQKeyboardManagerSwift.framework",
				"${TARGET_BUILD_DIR}/${FRAMEWORKS_FOLDER_PATH}/Kingfisher.framework",
				"${TARGET_BUILD_DIR}/${FRAMEWORKS_FOLDER_PATH}/RAMAnimatedTabBarController.framework",
				"${TARGET_BUILD_DIR}/${FRAMEWORKS_FOLDER_PATH}/Spring.framework",
				"${TARGET_BUILD_DIR}/${FRAMEWORKS_FOLDER_PATH}/SwiftyAvatar.framework",
				"${TARGET_BUILD_DIR}/${FRAMEWORKS_FOLDER_PATH}/nanopb.framework",
			);
			runOnlyForDeploymentPostprocessing = 0;
			shellPath = /bin/sh;
			shellScript = "\"${SRCROOT}/Pods/Target Support Files/Pods-UaiTreino/Pods-UaiTreino-frameworks.sh\"\n";
			showEnvVarsInLog = 0;
		};
		93106FBB7C5DFE45B2C60E8B /* [CP] Copy Pods Resources */ = {
			isa = PBXShellScriptBuildPhase;
			buildActionMask = 2147483647;
			files = (
			);
			inputPaths = (
			);
			name = "[CP] Copy Pods Resources";
			outputPaths = (
			);
			runOnlyForDeploymentPostprocessing = 0;
			shellPath = /bin/sh;
			shellScript = "\"${SRCROOT}/Pods/Target Support Files/Pods-UaiTreino/Pods-UaiTreino-resources.sh\"\n";
			showEnvVarsInLog = 0;
		};
		C6E982B54F05255C9BF10DE8 /* [CP] Check Pods Manifest.lock */ = {
			isa = PBXShellScriptBuildPhase;
			buildActionMask = 2147483647;
			files = (
			);
			inputPaths = (
				"${PODS_PODFILE_DIR_PATH}/Podfile.lock",
				"${PODS_ROOT}/Manifest.lock",
			);
			name = "[CP] Check Pods Manifest.lock";
			outputPaths = (
				"$(DERIVED_FILE_DIR)/Pods-UaiTreino-checkManifestLockResult.txt",
			);
			runOnlyForDeploymentPostprocessing = 0;
			shellPath = /bin/sh;
			shellScript = "diff \"${PODS_PODFILE_DIR_PATH}/Podfile.lock\" \"${PODS_ROOT}/Manifest.lock\" > /dev/null\nif [ $? != 0 ] ; then\n    # print error to STDERR\n    echo \"error: The sandbox is not in sync with the Podfile.lock. Run 'pod install' or update your CocoaPods installation.\" >&2\n    exit 1\nfi\n# This output is used by Xcode 'outputs' to avoid re-running this script phase.\necho \"SUCCESS\" > \"${SCRIPT_OUTPUT_FILE_0}\"\n";
			showEnvVarsInLog = 0;
		};
/* End PBXShellScriptBuildPhase section */

/* Begin PBXSourcesBuildPhase section */
		870CAF2E1FD717E00087A29A /* Sources */ = {
			isa = PBXSourcesBuildPhase;
			buildActionMask = 2147483647;
			files = (
				870CAF381FD717E00087A29A /* ViewController.swift in Sources */,
				870CAF361FD717E00087A29A /* AppDelegate.swift in Sources */,
			);
			runOnlyForDeploymentPostprocessing = 0;
		};
/* End PBXSourcesBuildPhase section */

/* Begin PBXVariantGroup section */
		870CAF391FD717E00087A29A /* Main.storyboard */ = {
			isa = PBXVariantGroup;
			children = (
				870CAF3A1FD717E00087A29A /* Base */,
			);
			name = Main.storyboard;
			sourceTree = "<group>";
		};
		870CAF3E1FD717E00087A29A /* LaunchScreen.storyboard */ = {
			isa = PBXVariantGroup;
			children = (
				870CAF3F1FD717E00087A29A /* Base */,
			);
			name = LaunchScreen.storyboard;
			sourceTree = "<group>";
		};
/* End PBXVariantGroup section */

/* Begin XCBuildConfiguration section */
		870CAF421FD717E00087A29A /* Debug */ = {
			isa = XCBuildConfiguration;
			buildSettings = {
				ALWAYS_SEARCH_USER_PATHS = NO;
				CLANG_ANALYZER_NONNULL = YES;
				CLANG_ANALYZER_NUMBER_OBJECT_CONVERSION = YES_AGGRESSIVE;
				CLANG_CXX_LANGUAGE_STANDARD = "gnu++14";
				CLANG_CXX_LIBRARY = "libc++";
				CLANG_ENABLE_MODULES = YES;
				CLANG_ENABLE_OBJC_ARC = YES;
				CLANG_WARN_BLOCK_CAPTURE_AUTORELEASING = YES;
				CLANG_WARN_BOOL_CONVERSION = YES;
				CLANG_WARN_COMMA = YES;
				CLANG_WARN_CONSTANT_CONVERSION = YES;
				CLANG_WARN_DIRECT_OBJC_ISA_USAGE = YES_ERROR;
				CLANG_WARN_DOCUMENTATION_COMMENTS = YES;
				CLANG_WARN_EMPTY_BODY = YES;
				CLANG_WARN_ENUM_CONVERSION = YES;
				CLANG_WARN_INFINITE_RECURSION = YES;
				CLANG_WARN_INT_CONVERSION = YES;
				CLANG_WARN_NON_LITERAL_NULL_CONVERSION = YES;
				CLANG_WARN_OBJC_LITERAL_CONVERSION = YES;
				CLANG_WARN_OBJC_ROOT_CLASS = YES_ERROR;
				CLANG_WARN_RANGE_LOOP_ANALYSIS = YES;
				CLANG_WARN_STRICT_PROTOTYPES = YES;
				CLANG_WARN_SUSPICIOUS_MOVE = YES;
				CLANG_WARN_UNGUARDED_AVAILABILITY = YES_AGGRESSIVE;
				CLANG_WARN_UNREACHABLE_CODE = YES;
				CLANG_WARN__DUPLICATE_METHOD_MATCH = YES;
				CODE_SIGN_IDENTITY = "iPhone Developer";
				COPY_PHASE_STRIP = NO;
				DEBUG_INFORMATION_FORMAT = dwarf;
				ENABLE_STRICT_OBJC_MSGSEND = YES;
				ENABLE_TESTABILITY = YES;
				GCC_C_LANGUAGE_STANDARD = gnu11;
				GCC_DYNAMIC_NO_PIC = NO;
				GCC_NO_COMMON_BLOCKS = YES;
				GCC_OPTIMIZATION_LEVEL = 0;
				GCC_PREPROCESSOR_DEFINITIONS = (
					"DEBUG=1",
					"$(inherited)",
				);
				GCC_WARN_64_TO_32_BIT_CONVERSION = YES;
				GCC_WARN_ABOUT_RETURN_TYPE = YES_ERROR;
				GCC_WARN_UNDECLARED_SELECTOR = YES;
				GCC_WARN_UNINITIALIZED_AUTOS = YES_AGGRESSIVE;
				GCC_WARN_UNUSED_FUNCTION = YES;
				GCC_WARN_UNUSED_VARIABLE = YES;
				IPHONEOS_DEPLOYMENT_TARGET = 11.1;
				MTL_ENABLE_DEBUG_INFO = YES;
				ONLY_ACTIVE_ARCH = YES;
				SDKROOT = iphoneos;
				SWIFT_ACTIVE_COMPILATION_CONDITIONS = DEBUG;
				SWIFT_OPTIMIZATION_LEVEL = "-Onone";
			};
			name = Debug;
		};
		870CAF431FD717E00087A29A /* Release */ = {
			isa = XCBuildConfiguration;
			buildSettings = {
				ALWAYS_SEARCH_USER_PATHS = NO;
				CLANG_ANALYZER_NONNULL = YES;
				CLANG_ANALYZER_NUMBER_OBJECT_CONVERSION = YES_AGGRESSIVE;
				CLANG_CXX_LANGUAGE_STANDARD = "gnu++14";
				CLANG_CXX_LIBRARY = "libc++";
				CLANG_ENABLE_MODULES = YES;
				CLANG_ENABLE_OBJC_ARC = YES;
				CLANG_WARN_BLOCK_CAPTURE_AUTORELEASING = YES;
				CLANG_WARN_BOOL_CONVERSION = YES;
				CLANG_WARN_COMMA = YES;
				CLANG_WARN_CONSTANT_CONVERSION = YES;
				CLANG_WARN_DIRECT_OBJC_ISA_USAGE = YES_ERROR;
				CLANG_WARN_DOCUMENTATION_COMMENTS = YES;
				CLANG_WARN_EMPTY_BODY = YES;
				CLANG_WARN_ENUM_CONVERSION = YES;
				CLANG_WARN_INFINITE_RECURSION = YES;
				CLANG_WARN_INT_CONVERSION = YES;
				CLANG_WARN_NON_LITERAL_NULL_CONVERSION = YES;
				CLANG_WARN_OBJC_LITERAL_CONVERSION = YES;
				CLANG_WARN_OBJC_ROOT_CLASS = YES_ERROR;
				CLANG_WARN_RANGE_LOOP_ANALYSIS = YES;
				CLANG_WARN_STRICT_PROTOTYPES = YES;
				CLANG_WARN_SUSPICIOUS_MOVE = YES;
				CLANG_WARN_UNGUARDED_AVAILABILITY = YES_AGGRESSIVE;
				CLANG_WARN_UNREACHABLE_CODE = YES;
				CLANG_WARN__DUPLICATE_METHOD_MATCH = YES;
				CODE_SIGN_IDENTITY = "iPhone Developer";
				COPY_PHASE_STRIP = NO;
				DEBUG_INFORMATION_FORMAT = "dwarf-with-dsym";
				ENABLE_NS_ASSERTIONS = NO;
				ENABLE_STRICT_OBJC_MSGSEND = YES;
				GCC_C_LANGUAGE_STANDARD = gnu11;
				GCC_NO_COMMON_BLOCKS = YES;
				GCC_WARN_64_TO_32_BIT_CONVERSION = YES;
				GCC_WARN_ABOUT_RETURN_TYPE = YES_ERROR;
				GCC_WARN_UNDECLARED_SELECTOR = YES;
				GCC_WARN_UNINITIALIZED_AUTOS = YES_AGGRESSIVE;
				GCC_WARN_UNUSED_FUNCTION = YES;
				GCC_WARN_UNUSED_VARIABLE = YES;
				IPHONEOS_DEPLOYMENT_TARGET = 11.1;
				MTL_ENABLE_DEBUG_INFO = NO;
				SDKROOT = iphoneos;
				SWIFT_OPTIMIZATION_LEVEL = "-Owholemodule";
				VALIDATE_PRODUCT = YES;
			};
			name = Release;
		};
		870CAF451FD717E00087A29A /* Debug */ = {
			isa = XCBuildConfiguration;
			baseConfigurationReference = D6EE309A33502B7F23C691B7 /* Pods-UaiTreino.debug.xcconfig */;
			buildSettings = {
				ASSETCATALOG_COMPILER_APPICON_NAME = AppIcon;
				CODE_SIGN_STYLE = Automatic;
				INFOPLIST_FILE = UaiTreino/Info.plist;
				LD_RUNPATH_SEARCH_PATHS = "$(inherited) @executable_path/Frameworks";
				PRODUCT_BUNDLE_IDENTIFIER = br.com.ios.UaiTreino;
				PRODUCT_NAME = "$(TARGET_NAME)";
				SWIFT_VERSION = 4.0;
				TARGETED_DEVICE_FAMILY = "1,2";
			};
			name = Debug;
		};
		870CAF461FD717E00087A29A /* Release */ = {
			isa = XCBuildConfiguration;
			baseConfigurationReference = 7AAFAA8CEAAC019B91D48E8C /* Pods-UaiTreino.release.xcconfig */;
			buildSettings = {
				ASSETCATALOG_COMPILER_APPICON_NAME = AppIcon;
				CODE_SIGN_STYLE = Automatic;
				INFOPLIST_FILE = UaiTreino/Info.plist;
				LD_RUNPATH_SEARCH_PATHS = "$(inherited) @executable_path/Frameworks";
				PRODUCT_BUNDLE_IDENTIFIER = br.com.ios.UaiTreino;
				PRODUCT_NAME = "$(TARGET_NAME)";
				SWIFT_VERSION = 4.0;
				TARGETED_DEVICE_FAMILY = "1,2";
			};
			name = Release;
		};
/* End XCBuildConfiguration section */

/* Begin XCConfigurationList section */
		870CAF2D1FD717E00087A29A /* Build configuration list for PBXProject "UaiTreino" */ = {
			isa = XCConfigurationList;
			buildConfigurations = (
				870CAF421FD717E00087A29A /* Debug */,
				870CAF431FD717E00087A29A /* Release */,
			);
			defaultConfigurationIsVisible = 0;
			defaultConfigurationName = Release;
		};
		870CAF441FD717E00087A29A /* Build configuration list for PBXNativeTarget "UaiTreino" */ = {
			isa = XCConfigurationList;
			buildConfigurations = (
				870CAF451FD717E00087A29A /* Debug */,
				870CAF461FD717E00087A29A /* Release */,
			);
			defaultConfigurationIsVisible = 0;
			defaultConfigurationName = Release;
		};
/* End XCConfigurationList section */
	};
	rootObject = 870CAF2A1FD717E00087A29A /* Project object */;
}
