// !$*UTF8*$!
{
	archiveVersion = 1;
	classes = {
	};
	objectVersion = 48;
	objects = {

/* Begin PBXBuildFile section */
		870CAF361FD717E00087A29A /* AppDelegate.swift in Sources */ = {isa = PBXBuildFile; fileRef = 870CAF351FD717E00087A29A /* AppDelegate.swift */; };
		870CAF381FD717E00087A29A /* ViewController.swift in Sources */ = {isa = PBXBuildFile; fileRef = 870CAF371FD717E00087A29A /* ViewController.swift */; };
		870CAF3B1FD717E00087A29A /* Main.storyboard in Resources */ = {isa = PBXBuildFile; fileRef = 870CAF391FD717E00087A29A /* Main.storyboard */; };
		870CAF3D1FD717E00087A29A /* Assets.xcassets in Resources */ = {isa = PBXBuildFile; fileRef = 870CAF3C1FD717E00087A29A /* Assets.xcassets */; };
		870CAF401FD717E00087A29A /* LaunchScreen.storyboard in Resources */ = {isa = PBXBuildFile; fileRef = 870CAF3E1FD717E00087A29A /* LaunchScreen.storyboard */; };
/* End PBXBuildFile section */

/* Begin PBXFileReference section */
		870CAF321FD717E00087A29A /* UaiTreino.app */ = {isa = PBXFileReference; explicitFileType = wrapper.application; includeInIndex = 0; path = UaiTreino.app; sourceTree = BUILT_PRODUCTS_DIR; };
		870CAF351FD717E00087A29A /* AppDelegate.swift */ = {isa = PBXFileReference; lastKnownFileType = sourcecode.swift; path = AppDelegate.swift; sourceTree = "<group>"; };
		870CAF371FD717E00087A29A /* ViewController.swift */ = {isa = PBXFileReference; lastKnownFileType = sourcecode.swift; path = ViewController.swift; sourceTree = "<group>"; };
		870CAF3A1FD717E00087A29A /* Base */ = {isa = PBXFileReference; lastKnownFileType = file.storyboard; name = Base; path = Base.lproj/Main.storyboard; sourceTree = "<group>"; };
		870CAF3C1FD717E00087A29A /* Assets.xcassets */ = {isa = PBXFileReference; lastKnownFileType = folder.assetcatalog; path = Assets.xcassets; sourceTree = "<group>"; };
		870CAF3F1FD717E00087A29A /* Base */ = {isa = PBXFileReference; lastKnownFileType = file.storyboard; name = Base; path = Base.lproj/LaunchScreen.storyboard; sourceTree = "<group>"; };
		870CAF411FD717E00087A29A /* Info.plist */ = {isa = PBXFileReference; lastKnownFileType = text.plist.xml; path = Info.plist; sourceTree = "<group>"; };
/* End PBXFileReference section */

/* Begin PBXFrameworksBuildPhase section */
		870CAF2F1FD717E00087A29A /* Frameworks */ = {
			isa = PBXFrameworksBuildPhase;
			buildActionMask = 2147483647;
			files = (
			);
			runOnlyForDeploymentPostprocessing = 0;
		};
/* End PBXFrameworksBuildPhase section */

/* Begin PBXGroup section */
		870CAF291FD717E00087A29A = {
			isa = PBXGroup;
			children = (
				870CAF341FD717E00087A29A /* UaiTreino */,
				870CAF331FD717E00087A29A /* Products */,
			);
			sourceTree = "<group>";
		};
		870CAF331FD717E00087A29A /* Products */ = {
			isa = PBXGroup;
			children = (
				870CAF321FD717E00087A29A /* UaiTreino.app */,
			);
			name = Products;
			sourceTree = "<group>";
		};
		870CAF341FD717E00087A29A /* UaiTreino */ = {
			isa = PBXGroup;
			children = (
				87D8A1B91FD71A4500AFA2A1 /* Controller */,
				87D8A1B81FD71A4000AFA2A1 /* View */,
				87D8A1B71FD71A3800AFA2A1 /* Model */,
				87D8A1B61FD71A0B00AFA2A1 /* Support Files */,
			);
			path = UaiTreino;
			sourceTree = "<group>";
		};
		87D8A1B61FD71A0B00AFA2A1 /* Support Files */ = {
			isa = PBXGroup;
			children = (
				870CAF351FD717E00087A29A /* AppDelegate.swift */,
				870CAF3C1FD717E00087A29A /* Assets.xcassets */,
				870CAF3E1FD717E00087A29A /* LaunchScreen.storyboard */,
				870CAF411FD717E00087A29A /* Info.plist */,
			);
			name = "Support Files";
			sourceTree = "<group>";
		};
		87D8A1B71FD71A3800AFA2A1 /* Model */ = {
			isa = PBXGroup;
			children = (
			);
			path = Model;
			sourceTree = "<group>";
		};
		87D8A1B81FD71A4000AFA2A1 /* View */ = {
			isa = PBXGroup;
			children = (
				870CAF371FD717E00087A29A /* ViewController.swift */,
				870CAF391FD717E00087A29A /* Main.storyboard */,
			);
			path = View;
			sourceTree = "<group>";
		};
		87D8A1B91FD71A4500AFA2A1 /* Controller */ = {
			isa = PBXGroup;
			children = (
			);
			path = Controller;
			sourceTree = "<group>";
		};
/* End PBXGroup section */

/* Begin PBXNativeTarget section */
		870CAF311FD717E00087A29A /* UaiTreino */ = {
			isa = PBXNativeTarget;
			buildConfigurationList = 870CAF441FD717E00087A29A /* Build configuration list for PBXNativeTarget "UaiTreino" */;
			buildPhases = (
				870CAF2E1FD717E00087A29A /* Sources */,
				870CAF2F1FD717E00087A29A /* Frameworks */,
				870CAF301FD717E00087A29A /* Resources */,
			);
			buildRules = (
			);
			dependencies = (
			);
			name = UaiTreino;
			productName = UaiTreino;
			productReference = 870CAF321FD717E00087A29A /* UaiTreino.app */;
			productType = "com.apple.product-type.application";
		};
/* End PBXNativeTarget section */

/* Begin PBXProject section */
		870CAF2A1FD717E00087A29A /* Project object */ = {
			isa = PBXProject;
			attributes = {
				LastSwiftUpdateCheck = 0910;
				LastUpgradeCheck = 0910;
				ORGANIZATIONNAME = "Uai Treino Ltda";
				TargetAttributes = {
					870CAF311FD717E00087A29A = {
						CreatedOnToolsVersion = 9.1;
						ProvisioningStyle = Automatic;
					};
				};
			};
			buildConfigurationList = 870CAF2D1FD717E00087A29A /* Build configuration list for PBXProject "UaiTreino" */;
			compatibilityVersion = "Xcode 8.0";
			developmentRegion = en;
			hasScannedForEncodings = 0;
			knownRegions = (
				en,
				Base,
			);
			mainGroup = 870CAF291FD717E00087A29A;
			productRefGroup = 870CAF331FD717E00087A29A /* Products */;
			projectDirPath = "";
			projectRoot = "";
			targets = (
				870CAF311FD717E00087A29A /* UaiTreino */,
			);
		};
/* End PBXProject section */

/* Begin PBXResourcesBuildPhase section */
		870CAF301FD717E00087A29A /* Resources */ = {
			isa = PBXResourcesBuildPhase;
			buildActionMask = 2147483647;
			files = (
				870CAF401FD717E00087A29A /* LaunchScreen.storyboard in Resources */,
				870CAF3D1FD717E00087A29A /* Assets.xcassets in Resources */,
				870CAF3B1FD717E00087A29A /* Main.storyboard in Resources */,
			);
			runOnlyForDeploymentPostprocessing = 0;
		};
/* End PBXResourcesBuildPhase section */

/* Begin PBXSourcesBuildPhase section */
		870CAF2E1FD717E00087A29A /* Sources */ = {
			isa = PBXSourcesBuildPhase;
			buildActionMask = 2147483647;
			files = (
				870CAF381FD717E00087A29A /* ViewController.swift in Sources */,
				870CAF361FD717E00087A29A /* AppDelegate.swift in Sources */,
			);
			runOnlyForDeploymentPostprocessing = 0;
		};
/* End PBXSourcesBuildPhase section */

/* Begin PBXVariantGroup section */
		870CAF391FD717E00087A29A /* Main.storyboard */ = {
			isa = PBXVariantGroup;
			children = (
				870CAF3A1FD717E00087A29A /* Base */,
			);
			name = Main.storyboard;
			sourceTree = "<group>";
		};
		870CAF3E1FD717E00087A29A /* LaunchScreen.storyboard */ = {
			isa = PBXVariantGroup;
			children = (
				870CAF3F1FD717E00087A29A /* Base */,
			);
			name = LaunchScreen.storyboard;
			sourceTree = "<group>";
		};
/* End PBXVariantGroup section */

/* Begin XCBuildConfiguration section */
		870CAF421FD717E00087A29A /* Debug */ = {
			isa = XCBuildConfiguration;
			buildSettings = {
				ALWAYS_SEARCH_USER_PATHS = NO;
				CLANG_ANALYZER_NONNULL = YES;
				CLANG_ANALYZER_NUMBER_OBJECT_CONVERSION = YES_AGGRESSIVE;
				CLANG_CXX_LANGUAGE_STANDARD = "gnu++14";
				CLANG_CXX_LIBRARY = "libc++";
				CLANG_ENABLE_MODULES = YES;
				CLANG_ENABLE_OBJC_ARC = YES;
				CLANG_WARN_BLOCK_CAPTURE_AUTORELEASING = YES;
				CLANG_WARN_BOOL_CONVERSION = YES;
				CLANG_WARN_COMMA = YES;
				CLANG_WARN_CONSTANT_CONVERSION = YES;
				CLANG_WARN_DIRECT_OBJC_ISA_USAGE = YES_ERROR;
				CLANG_WARN_DOCUMENTATION_COMMENTS = YES;
				CLANG_WARN_EMPTY_BODY = YES;
				CLANG_WARN_ENUM_CONVERSION = YES;
				CLANG_WARN_INFINITE_RECURSION = YES;
				CLANG_WARN_INT_CONVERSION = YES;
				CLANG_WARN_NON_LITERAL_NULL_CONVERSION = YES;
				CLANG_WARN_OBJC_LITERAL_CONVERSION = YES;
				CLANG_WARN_OBJC_ROOT_CLASS = YES_ERROR;
				CLANG_WARN_RANGE_LOOP_ANALYSIS = YES;
				CLANG_WARN_STRICT_PROTOTYPES = YES;
				CLANG_WARN_SUSPICIOUS_MOVE = YES;
				CLANG_WARN_UNGUARDED_AVAILABILITY = YES_AGGRESSIVE;
				CLANG_WARN_UNREACHABLE_CODE = YES;
				CLANG_WARN__DUPLICATE_METHOD_MATCH = YES;
				CODE_SIGN_IDENTITY = "iPhone Developer";
				COPY_PHASE_STRIP = NO;
				DEBUG_INFORMATION_FORMAT = dwarf;
				ENABLE_STRICT_OBJC_MSGSEND = YES;
				ENABLE_TESTABILITY = YES;
				GCC_C_LANGUAGE_STANDARD = gnu11;
				GCC_DYNAMIC_NO_PIC = NO;
				GCC_NO_COMMON_BLOCKS = YES;
				GCC_OPTIMIZATION_LEVEL = 0;
				GCC_PREPROCESSOR_DEFINITIONS = (
					"DEBUG=1",
					"$(inherited)",
				);
				GCC_WARN_64_TO_32_BIT_CONVERSION = YES;
				GCC_WARN_ABOUT_RETURN_TYPE = YES_ERROR;
				GCC_WARN_UNDECLARED_SELECTOR = YES;
				GCC_WARN_UNINITIALIZED_AUTOS = YES_AGGRESSIVE;
				GCC_WARN_UNUSED_FUNCTION = YES;
				GCC_WARN_UNUSED_VARIABLE = YES;
				IPHONEOS_DEPLOYMENT_TARGET = 11.1;
				MTL_ENABLE_DEBUG_INFO = YES;
				ONLY_ACTIVE_ARCH = YES;
				SDKROOT = iphoneos;
				SWIFT_ACTIVE_COMPILATION_CONDITIONS = DEBUG;
				SWIFT_OPTIMIZATION_LEVEL = "-Onone";
			};
			name = Debug;
		};
		870CAF431FD717E00087A29A /* Release */ = {
			isa = XCBuildConfiguration;
			buildSettings = {
				ALWAYS_SEARCH_USER_PATHS = NO;
				CLANG_ANALYZER_NONNULL = YES;
				CLANG_ANALYZER_NUMBER_OBJECT_CONVERSION = YES_AGGRESSIVE;
				CLANG_CXX_LANGUAGE_STANDARD = "gnu++14";
				CLANG_CXX_LIBRARY = "libc++";
				CLANG_ENABLE_MODULES = YES;
				CLANG_ENABLE_OBJC_ARC = YES;
				CLANG_WARN_BLOCK_CAPTURE_AUTORELEASING = YES;
				CLANG_WARN_BOOL_CONVERSION = YES;
				CLANG_WARN_COMMA = YES;
				CLANG_WARN_CONSTANT_CONVERSION = YES;
				CLANG_WARN_DIRECT_OBJC_ISA_USAGE = YES_ERROR;
				CLANG_WARN_DOCUMENTATION_COMMENTS = YES;
				CLANG_WARN_EMPTY_BODY = YES;
				CLANG_WARN_ENUM_CONVERSION = YES;
				CLANG_WARN_INFINITE_RECURSION = YES;
				CLANG_WARN_INT_CONVERSION = YES;
				CLANG_WARN_NON_LITERAL_NULL_CONVERSION = YES;
				CLANG_WARN_OBJC_LITERAL_CONVERSION = YES;
				CLANG_WARN_OBJC_ROOT_CLASS = YES_ERROR;
				CLANG_WARN_RANGE_LOOP_ANALYSIS = YES;
				CLANG_WARN_STRICT_PROTOTYPES = YES;
				CLANG_WARN_SUSPICIOUS_MOVE = YES;
				CLANG_WARN_UNGUARDED_AVAILABILITY = YES_AGGRESSIVE;
				CLANG_WARN_UNREACHABLE_CODE = YES;
				CLANG_WARN__DUPLICATE_METHOD_MATCH = YES;
				CODE_SIGN_IDENTITY = "iPhone Developer";
				COPY_PHASE_STRIP = NO;
				DEBUG_INFORMATION_FORMAT = "dwarf-with-dsym";
				ENABLE_NS_ASSERTIONS = NO;
				ENABLE_STRICT_OBJC_MSGSEND = YES;
				GCC_C_LANGUAGE_STANDARD = gnu11;
				GCC_NO_COMMON_BLOCKS = YES;
				GCC_WARN_64_TO_32_BIT_CONVERSION = YES;
				GCC_WARN_ABOUT_RETURN_TYPE = YES_ERROR;
				GCC_WARN_UNDECLARED_SELECTOR = YES;
				GCC_WARN_UNINITIALIZED_AUTOS = YES_AGGRESSIVE;
				GCC_WARN_UNUSED_FUNCTION = YES;
				GCC_WARN_UNUSED_VARIABLE = YES;
				IPHONEOS_DEPLOYMENT_TARGET = 11.1;
				MTL_ENABLE_DEBUG_INFO = NO;
				SDKROOT = iphoneos;
				SWIFT_OPTIMIZATION_LEVEL = "-Owholemodule";
				VALIDATE_PRODUCT = YES;
			};
			name = Release;
		};
		870CAF451FD717E00087A29A /* Debug */ = {
			isa = XCBuildConfiguration;
			buildSettings = {
				ASSETCATALOG_COMPILER_APPICON_NAME = AppIcon;
				CODE_SIGN_STYLE = Automatic;
				INFOPLIST_FILE = UaiTreino/Info.plist;
				LD_RUNPATH_SEARCH_PATHS = "$(inherited) @executable_path/Frameworks";
				PRODUCT_BUNDLE_IDENTIFIER = br.com.ios.UaiTreino;
				PRODUCT_NAME = "$(TARGET_NAME)";
				SWIFT_VERSION = 4.0;
				TARGETED_DEVICE_FAMILY = "1,2";
			};
			name = Debug;
		};
		870CAF461FD717E00087A29A /* Release */ = {
			isa = XCBuildConfiguration;
			buildSettings = {
				ASSETCATALOG_COMPILER_APPICON_NAME = AppIcon;
				CODE_SIGN_STYLE = Automatic;
				INFOPLIST_FILE = UaiTreino/Info.plist;
				LD_RUNPATH_SEARCH_PATHS = "$(inherited) @executable_path/Frameworks";
				PRODUCT_BUNDLE_IDENTIFIER = br.com.ios.UaiTreino;
				PRODUCT_NAME = "$(TARGET_NAME)";
				SWIFT_VERSION = 4.0;
				TARGETED_DEVICE_FAMILY = "1,2";
			};
			name = Release;
		};
/* End XCBuildConfiguration section */

/* Begin XCConfigurationList section */
		870CAF2D1FD717E00087A29A /* Build configuration list for PBXProject "UaiTreino" */ = {
			isa = XCConfigurationList;
			buildConfigurations = (
				870CAF421FD717E00087A29A /* Debug */,
				870CAF431FD717E00087A29A /* Release */,
			);
			defaultConfigurationIsVisible = 0;
			defaultConfigurationName = Release;
		};
		870CAF441FD717E00087A29A /* Build configuration list for PBXNativeTarget "UaiTreino" */ = {
			isa = XCConfigurationList;
			buildConfigurations = (
				870CAF451FD717E00087A29A /* Debug */,
				870CAF461FD717E00087A29A /* Release */,
			);
			defaultConfigurationIsVisible = 0;
			defaultConfigurationName = Release;
		};
/* End XCConfigurationList section */
	};
	rootObject = 870CAF2A1FD717E00087A29A /* Project object */;
}
