// !$*UTF8*$!
{
	archiveVersion = 1;
	classes = {
	};
	objectVersion = 48;
	objects = {

/* Begin PBXBuildFile section */
		16ED8FAD1FE1CEF4000B0D2F /* ShowViewController.swift in Sources */ = {isa = PBXBuildFile; fileRef = 16ED8FAC1FE1CEF4000B0D2F /* ShowViewController.swift */; };
		16ED8FAF1FE1D7AE000B0D2F /* ActivityDetailViewController.swift in Sources */ = {isa = PBXBuildFile; fileRef = 16ED8FAE1FE1D7AE000B0D2F /* ActivityDetailViewController.swift */; };
		235F362F1FDB274B006E7A21 /* TabBarSwitcher.swift in Sources */ = {isa = PBXBuildFile; fileRef = 235F362E1FDB274B006E7A21 /* TabBarSwitcher.swift */; };
		23EA7FDA1FD9DD7A006FB4E5 /* ActivityTableViewCell.swift in Sources */ = {isa = PBXBuildFile; fileRef = 23EA7FD81FD9DD7A006FB4E5 /* ActivityTableViewCell.swift */; };
		23EA7FDB1FD9DD7A006FB4E5 /* ActivityTableViewCell.xib in Resources */ = {isa = PBXBuildFile; fileRef = 23EA7FD91FD9DD7A006FB4E5 /* ActivityTableViewCell.xib */; };
		23EA7FDF1FD9E8BC006FB4E5 /* ActivityTableViewController.swift in Sources */ = {isa = PBXBuildFile; fileRef = 23EA7FDE1FD9E8BC006FB4E5 /* ActivityTableViewController.swift */; };
		250C8EA71FE311F80055EAC6 /* PhotoCell.swift in Sources */ = {isa = PBXBuildFile; fileRef = 250C8EA61FE311F80055EAC6 /* PhotoCell.swift */; };
		25736CA71FE2EC6900CCF070 /* LocationDTO.swift in Sources */ = {isa = PBXBuildFile; fileRef = 25736CA61FE2EC6900CCF070 /* LocationDTO.swift */; };
		259119831FE1B01800B332AA /* LocalPhotosPresenter.swift in Sources */ = {isa = PBXBuildFile; fileRef = 2591197D1FE1B01800B332AA /* LocalPhotosPresenter.swift */; };
		259119841FE1B01800B332AA /* LocalPhotosWorker.swift in Sources */ = {isa = PBXBuildFile; fileRef = 2591197E1FE1B01800B332AA /* LocalPhotosWorker.swift */; };
		259119851FE1B01800B332AA /* LocalPhotosRouter.swift in Sources */ = {isa = PBXBuildFile; fileRef = 2591197F1FE1B01800B332AA /* LocalPhotosRouter.swift */; };
		259119861FE1B01800B332AA /* LocalPhotosModels.swift in Sources */ = {isa = PBXBuildFile; fileRef = 259119801FE1B01800B332AA /* LocalPhotosModels.swift */; };
		259119871FE1B01800B332AA /* LocalPhotosViewController.swift in Sources */ = {isa = PBXBuildFile; fileRef = 259119811FE1B01800B332AA /* LocalPhotosViewController.swift */; };
		259119881FE1B01800B332AA /* LocalPhotosInteractor.swift in Sources */ = {isa = PBXBuildFile; fileRef = 259119821FE1B01800B332AA /* LocalPhotosInteractor.swift */; };
		2591198B1FE1B05000B332AA /* LocalPhotos.storyboard in Resources */ = {isa = PBXBuildFile; fileRef = 2591198A1FE1B05000B332AA /* LocalPhotos.storyboard */; };
		6CD303ED1FE17FED00EDBE21 /* PhotoGalleryViewController.swift in Sources */ = {isa = PBXBuildFile; fileRef = 6CD303EC1FE17FED00EDBE21 /* PhotoGalleryViewController.swift */; };
		6CD303EF1FE18FAE00EDBE21 /* PhotoCollectionViewCell.swift in Sources */ = {isa = PBXBuildFile; fileRef = 6CD303EE1FE18FAE00EDBE21 /* PhotoCollectionViewCell.swift */; };
		875BA3F41FD9A1020059C038 /* Mural-Script.ttf in Resources */ = {isa = PBXBuildFile; fileRef = 875BA3F31FD99F040059C038 /* Mural-Script.ttf */; };
		875BA3F61FD9A8050059C038 /* FeedTableViewController.swift in Sources */ = {isa = PBXBuildFile; fileRef = 875BA3F51FD9A8050059C038 /* FeedTableViewController.swift */; };
		875BA3F81FD9A95D0059C038 /* FeedPhotoCell.xib in Resources */ = {isa = PBXBuildFile; fileRef = 875BA3F71FD9A95D0059C038 /* FeedPhotoCell.xib */; };
		875BA3FA1FD9B6C40059C038 /* FeedPhotoTableViewCell.swift in Sources */ = {isa = PBXBuildFile; fileRef = 875BA3F91FD9B6C40059C038 /* FeedPhotoTableViewCell.swift */; };
		875BA4011FD9C9840059C038 /* AvatarListTableViewCell.swift in Sources */ = {isa = PBXBuildFile; fileRef = 875BA3FF1FD9C9840059C038 /* AvatarListTableViewCell.swift */; };
		875BA4021FD9C9840059C038 /* AvatarListTableViewCell.xib in Resources */ = {isa = PBXBuildFile; fileRef = 875BA4001FD9C9840059C038 /* AvatarListTableViewCell.xib */; };
		875BA4041FD9D2FA0059C038 /* AvatarCollectionData.swift in Sources */ = {isa = PBXBuildFile; fileRef = 875BA4031FD9D2FA0059C038 /* AvatarCollectionData.swift */; };
		875BA4071FD9D4430059C038 /* AvatarCollectionViewCell.swift in Sources */ = {isa = PBXBuildFile; fileRef = 875BA4051FD9D4430059C038 /* AvatarCollectionViewCell.swift */; };
		875BA4081FD9D4430059C038 /* AvatarCollectionViewCell.xib in Resources */ = {isa = PBXBuildFile; fileRef = 875BA4061FD9D4430059C038 /* AvatarCollectionViewCell.xib */; };
		87A037851FD854BF00E7420B /* AppDelegate.swift in Sources */ = {isa = PBXBuildFile; fileRef = 87A037841FD854BF00E7420B /* AppDelegate.swift */; };
		87A0378C1FD854C000E7420B /* Assets.xcassets in Resources */ = {isa = PBXBuildFile; fileRef = 87A0378B1FD854C000E7420B /* Assets.xcassets */; };
		87A0378F1FD854C000E7420B /* LaunchScreen.storyboard in Resources */ = {isa = PBXBuildFile; fileRef = 87A0378D1FD854C000E7420B /* LaunchScreen.storyboard */; };
		87A782261FE18B8500D26D96 /* ProfilePresenter.swift in Sources */ = {isa = PBXBuildFile; fileRef = 87A782201FE18B8500D26D96 /* ProfilePresenter.swift */; };
		87A782271FE18B8500D26D96 /* ProfileWorker.swift in Sources */ = {isa = PBXBuildFile; fileRef = 87A782211FE18B8500D26D96 /* ProfileWorker.swift */; };
		87A782281FE18B8500D26D96 /* ProfileRouter.swift in Sources */ = {isa = PBXBuildFile; fileRef = 87A782221FE18B8500D26D96 /* ProfileRouter.swift */; };
		87A782291FE18B8500D26D96 /* ProfileModels.swift in Sources */ = {isa = PBXBuildFile; fileRef = 87A782231FE18B8500D26D96 /* ProfileModels.swift */; };
		87A7822A1FE18B8500D26D96 /* ProfileViewController.swift in Sources */ = {isa = PBXBuildFile; fileRef = 87A782241FE18B8500D26D96 /* ProfileViewController.swift */; };
		87A7822B1FE18B8500D26D96 /* ProfileInteractor.swift in Sources */ = {isa = PBXBuildFile; fileRef = 87A782251FE18B8500D26D96 /* ProfileInteractor.swift */; };
		87ABA7431FE0571700A519F8 /* SearchViewController.swift in Sources */ = {isa = PBXBuildFile; fileRef = 87ABA7421FE0571700A519F8 /* SearchViewController.swift */; };
		87ABA7451FE0584F00A519F8 /* SearchInteractor.swift in Sources */ = {isa = PBXBuildFile; fileRef = 87ABA7441FE0584F00A519F8 /* SearchInteractor.swift */; };
		87ABA7471FE05A8000A519F8 /* SearchPresenter.swift in Sources */ = {isa = PBXBuildFile; fileRef = 87ABA7461FE05A8000A519F8 /* SearchPresenter.swift */; };
		87ABA7491FE05AE500A519F8 /* SearchModels.swift in Sources */ = {isa = PBXBuildFile; fileRef = 87ABA7481FE05AE500A519F8 /* SearchModels.swift */; };
		87ABA74B1FE05B6200A519F8 /* SearchRouter.swift in Sources */ = {isa = PBXBuildFile; fileRef = 87ABA74A1FE05B6200A519F8 /* SearchRouter.swift */; };
		87ABA74D1FE05C4400A519F8 /* SearchWorker.swift in Sources */ = {isa = PBXBuildFile; fileRef = 87ABA74C1FE05C4400A519F8 /* SearchWorker.swift */; };
		87C233061FD8637B00964C0F /* Main.storyboard in Resources */ = {isa = PBXBuildFile; fileRef = 87C233001FD8637B00964C0F /* Main.storyboard */; };
		87C233071FD8637B00964C0F /* Login.storyboard in Resources */ = {isa = PBXBuildFile; fileRef = 87C233011FD8637B00964C0F /* Login.storyboard */; };
		87C233081FD8637B00964C0F /* ViewController.swift in Sources */ = {isa = PBXBuildFile; fileRef = 87C233031FD8637B00964C0F /* ViewController.swift */; };
		87C233091FD8637B00964C0F /* LoginViewController.swift in Sources */ = {isa = PBXBuildFile; fileRef = 87C233041FD8637B00964C0F /* LoginViewController.swift */; };
		87C2330B1FD8678200964C0F /* GoogleService-Info.plist in Resources */ = {isa = PBXBuildFile; fileRef = 87C2330A1FD8678200964C0F /* GoogleService-Info.plist */; };
		87E79CAC1FD86F7500A23DF7 /* SwiftMessagesExtensions.swift in Sources */ = {isa = PBXBuildFile; fileRef = 87E79CAB1FD86F7500A23DF7 /* SwiftMessagesExtensions.swift */; };
		87E79CAE1FD88B5000A23DF7 /* colors.swift in Sources */ = {isa = PBXBuildFile; fileRef = 87E79CAD1FD88B5000A23DF7 /* colors.swift */; };
		87E79CB01FD89AAB00A23DF7 /* Feed.storyboard in Resources */ = {isa = PBXBuildFile; fileRef = 87E79CAF1FD89AAB00A23DF7 /* Feed.storyboard */; };
		87E79CB21FD89ED200A23DF7 /* MainTabBarViewController.swift in Sources */ = {isa = PBXBuildFile; fileRef = 87E79CB11FD89ED200A23DF7 /* MainTabBarViewController.swift */; };
		87E79CB61FD8B30A00A23DF7 /* Profile.storyboard in Resources */ = {isa = PBXBuildFile; fileRef = 87E79CB51FD8B30A00A23DF7 /* Profile.storyboard */; };
		87E79CB81FD8B3F600A23DF7 /* Search.storyboard in Resources */ = {isa = PBXBuildFile; fileRef = 87E79CB71FD8B3F600A23DF7 /* Search.storyboard */; };
		87E79CBA1FD8B4C200A23DF7 /* Heart.storyboard in Resources */ = {isa = PBXBuildFile; fileRef = 87E79CB91FD8B4C200A23DF7 /* Heart.storyboard */; };
		87F820891FDA038C0047C2CD /* Randoms.swift in Sources */ = {isa = PBXBuildFile; fileRef = 87F820881FDA038C0047C2CD /* Randoms.swift */; };
		87F8208C1FDAEBA80047C2CD /* PicsumImageDTO.swift in Sources */ = {isa = PBXBuildFile; fileRef = 87F8208B1FDAEBA80047C2CD /* PicsumImageDTO.swift */; };
		87F8208F1FDAF1420047C2CD /* PicsumApi.swift in Sources */ = {isa = PBXBuildFile; fileRef = 87F8208E1FDAF1420047C2CD /* PicsumApi.swift */; };
		87F820931FDAFD5E0047C2CD /* UaiFotosDataStore.swift in Sources */ = {isa = PBXBuildFile; fileRef = 87F820921FDAFD5E0047C2CD /* UaiFotosDataStore.swift */; };
		87F820951FDAFD940047C2CD /* UserDTO.swift in Sources */ = {isa = PBXBuildFile; fileRef = 87F820941FDAFD940047C2CD /* UserDTO.swift */; };
		87F820971FDAFDED0047C2CD /* PhotoDTO.swift in Sources */ = {isa = PBXBuildFile; fileRef = 87F820961FDAFDED0047C2CD /* PhotoDTO.swift */; };
		87F820991FDB155D0047C2CD /* AttributedString.swift in Sources */ = {isa = PBXBuildFile; fileRef = 87F820981FDB155D0047C2CD /* AttributedString.swift */; };
		F470855863BB0C9DE3597389 /* Pods_Uai_Fotos.framework in Frameworks */ = {isa = PBXBuildFile; fileRef = 67587B64A7C50F16708AC41A /* Pods_Uai_Fotos.framework */; };
/* End PBXBuildFile section */

/* Begin PBXFileReference section */
		0CF86E242E205BE6D73454B8 /* Pods-Uai Fotos.debug.xcconfig */ = {isa = PBXFileReference; includeInIndex = 1; lastKnownFileType = text.xcconfig; name = "Pods-Uai Fotos.debug.xcconfig"; path = "Pods/Target Support Files/Pods-Uai Fotos/Pods-Uai Fotos.debug.xcconfig"; sourceTree = "<group>"; };
		16ED8FAC1FE1CEF4000B0D2F /* ShowViewController.swift */ = {isa = PBXFileReference; fileEncoding = 4; lastKnownFileType = sourcecode.swift; path = ShowViewController.swift; sourceTree = "<group>"; };
		16ED8FAE1FE1D7AE000B0D2F /* ActivityDetailViewController.swift */ = {isa = PBXFileReference; fileEncoding = 4; lastKnownFileType = sourcecode.swift; path = ActivityDetailViewController.swift; sourceTree = "<group>"; };
		235F362E1FDB274B006E7A21 /* TabBarSwitcher.swift */ = {isa = PBXFileReference; lastKnownFileType = sourcecode.swift; path = TabBarSwitcher.swift; sourceTree = "<group>"; };
		23EA7FD81FD9DD7A006FB4E5 /* ActivityTableViewCell.swift */ = {isa = PBXFileReference; lastKnownFileType = sourcecode.swift; path = ActivityTableViewCell.swift; sourceTree = "<group>"; };
		23EA7FD91FD9DD7A006FB4E5 /* ActivityTableViewCell.xib */ = {isa = PBXFileReference; lastKnownFileType = file.xib; path = ActivityTableViewCell.xib; sourceTree = "<group>"; };
		23EA7FDE1FD9E8BC006FB4E5 /* ActivityTableViewController.swift */ = {isa = PBXFileReference; lastKnownFileType = sourcecode.swift; path = ActivityTableViewController.swift; sourceTree = "<group>"; };
		250C8EA61FE311F80055EAC6 /* PhotoCell.swift */ = {isa = PBXFileReference; lastKnownFileType = sourcecode.swift; path = PhotoCell.swift; sourceTree = "<group>"; };
		25736CA61FE2EC6900CCF070 /* LocationDTO.swift */ = {isa = PBXFileReference; lastKnownFileType = sourcecode.swift; path = LocationDTO.swift; sourceTree = "<group>"; };
		2591197D1FE1B01800B332AA /* LocalPhotosPresenter.swift */ = {isa = PBXFileReference; lastKnownFileType = sourcecode.swift; path = LocalPhotosPresenter.swift; sourceTree = "<group>"; };
		2591197E1FE1B01800B332AA /* LocalPhotosWorker.swift */ = {isa = PBXFileReference; lastKnownFileType = sourcecode.swift; path = LocalPhotosWorker.swift; sourceTree = "<group>"; };
		2591197F1FE1B01800B332AA /* LocalPhotosRouter.swift */ = {isa = PBXFileReference; lastKnownFileType = sourcecode.swift; path = LocalPhotosRouter.swift; sourceTree = "<group>"; };
		259119801FE1B01800B332AA /* LocalPhotosModels.swift */ = {isa = PBXFileReference; lastKnownFileType = sourcecode.swift; path = LocalPhotosModels.swift; sourceTree = "<group>"; };
		259119811FE1B01800B332AA /* LocalPhotosViewController.swift */ = {isa = PBXFileReference; lastKnownFileType = sourcecode.swift; path = LocalPhotosViewController.swift; sourceTree = "<group>"; };
		259119821FE1B01800B332AA /* LocalPhotosInteractor.swift */ = {isa = PBXFileReference; lastKnownFileType = sourcecode.swift; path = LocalPhotosInteractor.swift; sourceTree = "<group>"; };
		2591198A1FE1B05000B332AA /* LocalPhotos.storyboard */ = {isa = PBXFileReference; lastKnownFileType = file.storyboard; path = LocalPhotos.storyboard; sourceTree = "<group>"; };
		314227CACC3FA7E1AB1ECD6A /* Pods-Uai Fotos.release.xcconfig */ = {isa = PBXFileReference; includeInIndex = 1; lastKnownFileType = text.xcconfig; name = "Pods-Uai Fotos.release.xcconfig"; path = "Pods/Target Support Files/Pods-Uai Fotos/Pods-Uai Fotos.release.xcconfig"; sourceTree = "<group>"; };
		67587B64A7C50F16708AC41A /* Pods_Uai_Fotos.framework */ = {isa = PBXFileReference; explicitFileType = wrapper.framework; includeInIndex = 0; path = Pods_Uai_Fotos.framework; sourceTree = BUILT_PRODUCTS_DIR; };
		6CD303EC1FE17FED00EDBE21 /* PhotoGalleryViewController.swift */ = {isa = PBXFileReference; fileEncoding = 4; lastKnownFileType = sourcecode.swift; path = PhotoGalleryViewController.swift; sourceTree = "<group>"; };
		6CD303EE1FE18FAE00EDBE21 /* PhotoCollectionViewCell.swift */ = {isa = PBXFileReference; fileEncoding = 4; lastKnownFileType = sourcecode.swift; path = PhotoCollectionViewCell.swift; sourceTree = "<group>"; };
		875BA3F31FD99F040059C038 /* Mural-Script.ttf */ = {isa = PBXFileReference; lastKnownFileType = file; path = "Mural-Script.ttf"; sourceTree = "<group>"; };
		875BA3F51FD9A8050059C038 /* FeedTableViewController.swift */ = {isa = PBXFileReference; lastKnownFileType = sourcecode.swift; path = FeedTableViewController.swift; sourceTree = "<group>"; };
		875BA3F71FD9A95D0059C038 /* FeedPhotoCell.xib */ = {isa = PBXFileReference; lastKnownFileType = file.xib; path = FeedPhotoCell.xib; sourceTree = "<group>"; };
		875BA3F91FD9B6C40059C038 /* FeedPhotoTableViewCell.swift */ = {isa = PBXFileReference; lastKnownFileType = sourcecode.swift; path = FeedPhotoTableViewCell.swift; sourceTree = "<group>"; };
		875BA3FF1FD9C9840059C038 /* AvatarListTableViewCell.swift */ = {isa = PBXFileReference; lastKnownFileType = sourcecode.swift; path = AvatarListTableViewCell.swift; sourceTree = "<group>"; };
		875BA4001FD9C9840059C038 /* AvatarListTableViewCell.xib */ = {isa = PBXFileReference; lastKnownFileType = file.xib; path = AvatarListTableViewCell.xib; sourceTree = "<group>"; };
		875BA4031FD9D2FA0059C038 /* AvatarCollectionData.swift */ = {isa = PBXFileReference; lastKnownFileType = sourcecode.swift; path = AvatarCollectionData.swift; sourceTree = "<group>"; };
		875BA4051FD9D4430059C038 /* AvatarCollectionViewCell.swift */ = {isa = PBXFileReference; lastKnownFileType = sourcecode.swift; path = AvatarCollectionViewCell.swift; sourceTree = "<group>"; };
		875BA4061FD9D4430059C038 /* AvatarCollectionViewCell.xib */ = {isa = PBXFileReference; lastKnownFileType = file.xib; path = AvatarCollectionViewCell.xib; sourceTree = "<group>"; };
		87A037811FD854BF00E7420B /* Uai Fotos.app */ = {isa = PBXFileReference; explicitFileType = wrapper.application; includeInIndex = 0; path = "Uai Fotos.app"; sourceTree = BUILT_PRODUCTS_DIR; };
		87A037841FD854BF00E7420B /* AppDelegate.swift */ = {isa = PBXFileReference; lastKnownFileType = sourcecode.swift; path = AppDelegate.swift; sourceTree = "<group>"; };
		87A0378B1FD854C000E7420B /* Assets.xcassets */ = {isa = PBXFileReference; lastKnownFileType = folder.assetcatalog; path = Assets.xcassets; sourceTree = "<group>"; };
		87A0378E1FD854C000E7420B /* Base */ = {isa = PBXFileReference; lastKnownFileType = file.storyboard; name = Base; path = Base.lproj/LaunchScreen.storyboard; sourceTree = "<group>"; };
		87A037901FD854C000E7420B /* Info.plist */ = {isa = PBXFileReference; lastKnownFileType = text.plist.xml; path = Info.plist; sourceTree = "<group>"; };
		87A782201FE18B8500D26D96 /* ProfilePresenter.swift */ = {isa = PBXFileReference; lastKnownFileType = sourcecode.swift; path = ProfilePresenter.swift; sourceTree = "<group>"; };
		87A782211FE18B8500D26D96 /* ProfileWorker.swift */ = {isa = PBXFileReference; lastKnownFileType = sourcecode.swift; path = ProfileWorker.swift; sourceTree = "<group>"; };
		87A782221FE18B8500D26D96 /* ProfileRouter.swift */ = {isa = PBXFileReference; lastKnownFileType = sourcecode.swift; path = ProfileRouter.swift; sourceTree = "<group>"; };
		87A782231FE18B8500D26D96 /* ProfileModels.swift */ = {isa = PBXFileReference; lastKnownFileType = sourcecode.swift; path = ProfileModels.swift; sourceTree = "<group>"; };
		87A782241FE18B8500D26D96 /* ProfileViewController.swift */ = {isa = PBXFileReference; lastKnownFileType = sourcecode.swift; path = ProfileViewController.swift; sourceTree = "<group>"; };
		87A782251FE18B8500D26D96 /* ProfileInteractor.swift */ = {isa = PBXFileReference; lastKnownFileType = sourcecode.swift; path = ProfileInteractor.swift; sourceTree = "<group>"; };
		87ABA7421FE0571700A519F8 /* SearchViewController.swift */ = {isa = PBXFileReference; lastKnownFileType = sourcecode.swift; path = SearchViewController.swift; sourceTree = "<group>"; };
		87ABA7441FE0584F00A519F8 /* SearchInteractor.swift */ = {isa = PBXFileReference; lastKnownFileType = sourcecode.swift; path = SearchInteractor.swift; sourceTree = "<group>"; };
		87ABA7461FE05A8000A519F8 /* SearchPresenter.swift */ = {isa = PBXFileReference; lastKnownFileType = sourcecode.swift; path = SearchPresenter.swift; sourceTree = "<group>"; };
		87ABA7481FE05AE500A519F8 /* SearchModels.swift */ = {isa = PBXFileReference; lastKnownFileType = sourcecode.swift; path = SearchModels.swift; sourceTree = "<group>"; };
		87ABA74A1FE05B6200A519F8 /* SearchRouter.swift */ = {isa = PBXFileReference; lastKnownFileType = sourcecode.swift; path = SearchRouter.swift; sourceTree = "<group>"; };
		87ABA74C1FE05C4400A519F8 /* SearchWorker.swift */ = {isa = PBXFileReference; lastKnownFileType = sourcecode.swift; path = SearchWorker.swift; sourceTree = "<group>"; };
		87C233001FD8637B00964C0F /* Main.storyboard */ = {isa = PBXFileReference; fileEncoding = 4; lastKnownFileType = file.storyboard; path = Main.storyboard; sourceTree = "<group>"; };
		87C233011FD8637B00964C0F /* Login.storyboard */ = {isa = PBXFileReference; fileEncoding = 4; lastKnownFileType = file.storyboard; path = Login.storyboard; sourceTree = "<group>"; };
		87C233031FD8637B00964C0F /* ViewController.swift */ = {isa = PBXFileReference; fileEncoding = 4; lastKnownFileType = sourcecode.swift; path = ViewController.swift; sourceTree = "<group>"; };
		87C233041FD8637B00964C0F /* LoginViewController.swift */ = {isa = PBXFileReference; fileEncoding = 4; lastKnownFileType = sourcecode.swift; path = LoginViewController.swift; sourceTree = "<group>"; };
		87C2330A1FD8678200964C0F /* GoogleService-Info.plist */ = {isa = PBXFileReference; fileEncoding = 4; lastKnownFileType = text.plist.xml; path = "GoogleService-Info.plist"; sourceTree = "<group>"; };
		87E79CAB1FD86F7500A23DF7 /* SwiftMessagesExtensions.swift */ = {isa = PBXFileReference; lastKnownFileType = sourcecode.swift; path = SwiftMessagesExtensions.swift; sourceTree = "<group>"; };
		87E79CAD1FD88B5000A23DF7 /* colors.swift */ = {isa = PBXFileReference; fileEncoding = 4; lastKnownFileType = sourcecode.swift; path = colors.swift; sourceTree = "<group>"; };
		87E79CAF1FD89AAB00A23DF7 /* Feed.storyboard */ = {isa = PBXFileReference; lastKnownFileType = file.storyboard; path = Feed.storyboard; sourceTree = "<group>"; };
		87E79CB11FD89ED200A23DF7 /* MainTabBarViewController.swift */ = {isa = PBXFileReference; lastKnownFileType = sourcecode.swift; path = MainTabBarViewController.swift; sourceTree = "<group>"; };
		87E79CB51FD8B30A00A23DF7 /* Profile.storyboard */ = {isa = PBXFileReference; lastKnownFileType = file.storyboard; path = Profile.storyboard; sourceTree = "<group>"; };
		87E79CB71FD8B3F600A23DF7 /* Search.storyboard */ = {isa = PBXFileReference; lastKnownFileType = file.storyboard; path = Search.storyboard; sourceTree = "<group>"; };
		87E79CB91FD8B4C200A23DF7 /* Heart.storyboard */ = {isa = PBXFileReference; lastKnownFileType = file.storyboard; path = Heart.storyboard; sourceTree = "<group>"; };
		87F820881FDA038C0047C2CD /* Randoms.swift */ = {isa = PBXFileReference; lastKnownFileType = sourcecode.swift; path = Randoms.swift; sourceTree = "<group>"; };
		87F8208B1FDAEBA80047C2CD /* PicsumImageDTO.swift */ = {isa = PBXFileReference; lastKnownFileType = sourcecode.swift; path = PicsumImageDTO.swift; sourceTree = "<group>"; };
		87F8208E1FDAF1420047C2CD /* PicsumApi.swift */ = {isa = PBXFileReference; lastKnownFileType = sourcecode.swift; path = PicsumApi.swift; sourceTree = "<group>"; };
		87F820921FDAFD5E0047C2CD /* UaiFotosDataStore.swift */ = {isa = PBXFileReference; lastKnownFileType = sourcecode.swift; path = UaiFotosDataStore.swift; sourceTree = "<group>"; };
		87F820941FDAFD940047C2CD /* UserDTO.swift */ = {isa = PBXFileReference; lastKnownFileType = sourcecode.swift; path = UserDTO.swift; sourceTree = "<group>"; };
		87F820961FDAFDED0047C2CD /* PhotoDTO.swift */ = {isa = PBXFileReference; lastKnownFileType = sourcecode.swift; path = PhotoDTO.swift; sourceTree = "<group>"; };
		87F820981FDB155D0047C2CD /* AttributedString.swift */ = {isa = PBXFileReference; lastKnownFileType = sourcecode.swift; path = AttributedString.swift; sourceTree = "<group>"; };
/* End PBXFileReference section */

/* Begin PBXFrameworksBuildPhase section */
		87A0377E1FD854BF00E7420B /* Frameworks */ = {
			isa = PBXFrameworksBuildPhase;
			buildActionMask = 2147483647;
			files = (
				F470855863BB0C9DE3597389 /* Pods_Uai_Fotos.framework in Frameworks */,
			);
			runOnlyForDeploymentPostprocessing = 0;
		};
/* End PBXFrameworksBuildPhase section */

/* Begin PBXGroup section */
		259119891FE1B02400B332AA /* LocalPhotos */ = {
			isa = PBXGroup;
			children = (
				2591197D1FE1B01800B332AA /* LocalPhotosPresenter.swift */,
				2591197E1FE1B01800B332AA /* LocalPhotosWorker.swift */,
				2591197F1FE1B01800B332AA /* LocalPhotosRouter.swift */,
				259119801FE1B01800B332AA /* LocalPhotosModels.swift */,
				259119811FE1B01800B332AA /* LocalPhotosViewController.swift */,
				259119821FE1B01800B332AA /* LocalPhotosInteractor.swift */,
			);
			name = LocalPhotos;
			path = "New Group";
			sourceTree = "<group>";
		};
		64E354A97D7359DB395B489F /* Frameworks */ = {
			isa = PBXGroup;
			children = (
				67587B64A7C50F16708AC41A /* Pods_Uai_Fotos.framework */,
			);
			name = Frameworks;
			sourceTree = "<group>";
		};
		87A037781FD854BF00E7420B = {
			isa = PBXGroup;
			children = (
				87A037831FD854BF00E7420B /* Uai Fotos */,
				87A037821FD854BF00E7420B /* Products */,
				E955EF3442FE7D56D6A6AF6D /* Pods */,
				64E354A97D7359DB395B489F /* Frameworks */,
			);
			sourceTree = "<group>";
		};
		87A037821FD854BF00E7420B /* Products */ = {
			isa = PBXGroup;
			children = (
				87A037811FD854BF00E7420B /* Uai Fotos.app */,
			);
			name = Products;
			sourceTree = "<group>";
		};
		87A037831FD854BF00E7420B /* Uai Fotos */ = {
			isa = PBXGroup;
			children = (
				87ABA7401FE055AA00A519F8 /* Scenes */,
				87F8208D1FDAF10B0047C2CD /* RestApi */,
				87C233021FD8637B00964C0F /* Controller */,
				87C233051FD8637B00964C0F /* Model */,
				87C232FF1FD8637B00964C0F /* View */,
				87E79CAA1FD86F5700A23DF7 /* Extensions */,
				87A037961FD8554A00E7420B /* Target Support Files */,
			);
			path = "Uai Fotos";
			sourceTree = "<group>";
		};
		87A037961FD8554A00E7420B /* Target Support Files */ = {
			isa = PBXGroup;
			children = (
				875BA3F31FD99F040059C038 /* Mural-Script.ttf */,
				87E79CAD1FD88B5000A23DF7 /* colors.swift */,
				87A037841FD854BF00E7420B /* AppDelegate.swift */,
				87A0378B1FD854C000E7420B /* Assets.xcassets */,
				87A0378D1FD854C000E7420B /* LaunchScreen.storyboard */,
				87A037901FD854C000E7420B /* Info.plist */,
				87C2330A1FD8678200964C0F /* GoogleService-Info.plist */,
			);
			name = "Target Support Files";
			sourceTree = "<group>";
		};
		87A7821F1FE18B6400D26D96 /* Profile */ = {
			isa = PBXGroup;
			children = (
				87A782241FE18B8500D26D96 /* ProfileViewController.swift */,
				87A782251FE18B8500D26D96 /* ProfileInteractor.swift */,
				87A782201FE18B8500D26D96 /* ProfilePresenter.swift */,
				87A782231FE18B8500D26D96 /* ProfileModels.swift */,
				87A782221FE18B8500D26D96 /* ProfileRouter.swift */,
				87A782211FE18B8500D26D96 /* ProfileWorker.swift */,
			);
			path = Profile;
			sourceTree = "<group>";
		};
		87ABA7401FE055AA00A519F8 /* Scenes */ = {
			isa = PBXGroup;
			children = (
				259119891FE1B02400B332AA /* LocalPhotos */,
				87A7821F1FE18B6400D26D96 /* Profile */,
				87ABA7411FE055CC00A519F8 /* Search */,
			);
			path = Scenes;
			sourceTree = "<group>";
		};
		87ABA7411FE055CC00A519F8 /* Search */ = {
			isa = PBXGroup;
			children = (
				87ABA7421FE0571700A519F8 /* SearchViewController.swift */,
				87ABA7441FE0584F00A519F8 /* SearchInteractor.swift */,
				87ABA7461FE05A8000A519F8 /* SearchPresenter.swift */,
				87ABA7481FE05AE500A519F8 /* SearchModels.swift */,
				87ABA74A1FE05B6200A519F8 /* SearchRouter.swift */,
				87ABA74C1FE05C4400A519F8 /* SearchWorker.swift */,
			);
			path = Search;
			sourceTree = "<group>";
		};
		87C232FF1FD8637B00964C0F /* View */ = {
			isa = PBXGroup;
			children = (
				87C233001FD8637B00964C0F /* Main.storyboard */,
				87C233011FD8637B00964C0F /* Login.storyboard */,
				87E79CAF1FD89AAB00A23DF7 /* Feed.storyboard */,
				87E79CB51FD8B30A00A23DF7 /* Profile.storyboard */,
				87E79CB71FD8B3F600A23DF7 /* Search.storyboard */,
				87E79CB91FD8B4C200A23DF7 /* Heart.storyboard */,
				875BA3F71FD9A95D0059C038 /* FeedPhotoCell.xib */,
				875BA3F91FD9B6C40059C038 /* FeedPhotoTableViewCell.swift */,
				875BA4001FD9C9840059C038 /* AvatarListTableViewCell.xib */,
				875BA3FF1FD9C9840059C038 /* AvatarListTableViewCell.swift */,
				875BA4061FD9D4430059C038 /* AvatarCollectionViewCell.xib */,
				875BA4051FD9D4430059C038 /* AvatarCollectionViewCell.swift */,
				23EA7FD91FD9DD7A006FB4E5 /* ActivityTableViewCell.xib */,
				23EA7FD81FD9DD7A006FB4E5 /* ActivityTableViewCell.swift */,
				2591198A1FE1B05000B332AA /* LocalPhotos.storyboard */,
				6CD303EE1FE18FAE00EDBE21 /* PhotoCollectionViewCell.swift */,
				250C8EA61FE311F80055EAC6 /* PhotoCell.swift */,
			);
			path = View;
			sourceTree = "<group>";
		};
		87C233021FD8637B00964C0F /* Controller */ = {
			isa = PBXGroup;
			children = (
				16ED8FAE1FE1D7AE000B0D2F /* ActivityDetailViewController.swift */,
				16ED8FAC1FE1CEF4000B0D2F /* ShowViewController.swift */,
				6CD303EC1FE17FED00EDBE21 /* PhotoGalleryViewController.swift */,
				87C233031FD8637B00964C0F /* ViewController.swift */,
				87C233041FD8637B00964C0F /* LoginViewController.swift */,
				87E79CB11FD89ED200A23DF7 /* MainTabBarViewController.swift */,
				875BA3F51FD9A8050059C038 /* FeedTableViewController.swift */,
				875BA4031FD9D2FA0059C038 /* AvatarCollectionData.swift */,
				23EA7FDE1FD9E8BC006FB4E5 /* ActivityTableViewController.swift */,
			);
			path = Controller;
			sourceTree = "<group>";
		};
		87C233051FD8637B00964C0F /* Model */ = {
			isa = PBXGroup;
			children = (
				87F8208A1FDAEB810047C2CD /* DTO */,
				87F820921FDAFD5E0047C2CD /* UaiFotosDataStore.swift */,
			);
			path = Model;
			sourceTree = "<group>";
		};
		87E79CAA1FD86F5700A23DF7 /* Extensions */ = {
			isa = PBXGroup;
			children = (
				87E79CAB1FD86F7500A23DF7 /* SwiftMessagesExtensions.swift */,
				87F820881FDA038C0047C2CD /* Randoms.swift */,
				87F820981FDB155D0047C2CD /* AttributedString.swift */,
				235F362E1FDB274B006E7A21 /* TabBarSwitcher.swift */,
			);
			path = Extensions;
			sourceTree = "<group>";
		};
		87F8208A1FDAEB810047C2CD /* DTO */ = {
			isa = PBXGroup;
			children = (
				87F8208B1FDAEBA80047C2CD /* PicsumImageDTO.swift */,
				87F820941FDAFD940047C2CD /* UserDTO.swift */,
				87F820961FDAFDED0047C2CD /* PhotoDTO.swift */,
				25736CA61FE2EC6900CCF070 /* LocationDTO.swift */,
			);
			path = DTO;
			sourceTree = "<group>";
		};
		87F8208D1FDAF10B0047C2CD /* RestApi */ = {
			isa = PBXGroup;
			children = (
				87F8208E1FDAF1420047C2CD /* PicsumApi.swift */,
			);
			path = RestApi;
			sourceTree = "<group>";
		};
		E955EF3442FE7D56D6A6AF6D /* Pods */ = {
			isa = PBXGroup;
			children = (
				0CF86E242E205BE6D73454B8 /* Pods-Uai Fotos.debug.xcconfig */,
				314227CACC3FA7E1AB1ECD6A /* Pods-Uai Fotos.release.xcconfig */,
			);
			name = Pods;
			sourceTree = "<group>";
		};
/* End PBXGroup section */

/* Begin PBXNativeTarget section */
		87A037801FD854BF00E7420B /* Uai Fotos */ = {
			isa = PBXNativeTarget;
			buildConfigurationList = 87A037931FD854C000E7420B /* Build configuration list for PBXNativeTarget "Uai Fotos" */;
			buildPhases = (
				FBF25A501FC01E322C05BE39 /* [CP] Check Pods Manifest.lock */,
				87A0377D1FD854BF00E7420B /* Sources */,
				87A0377E1FD854BF00E7420B /* Frameworks */,
				87A0377F1FD854BF00E7420B /* Resources */,
				C3D64EE12E9A27DEFAC25ABC /* [CP] Embed Pods Frameworks */,
				3B08299DC4476A78B6C4E5BC /* [CP] Copy Pods Resources */,
			);
			buildRules = (
			);
			dependencies = (
			);
			name = "Uai Fotos";
			productName = "Uai Fotos";
			productReference = 87A037811FD854BF00E7420B /* Uai Fotos.app */;
			productType = "com.apple.product-type.application";
		};
/* End PBXNativeTarget section */

/* Begin PBXProject section */
		87A037791FD854BF00E7420B /* Project object */ = {
			isa = PBXProject;
			attributes = {
				LastSwiftUpdateCheck = 0910;
				LastUpgradeCheck = 0910;
				ORGANIZATIONNAME = "Uai Fotos";
				TargetAttributes = {
					87A037801FD854BF00E7420B = {
						CreatedOnToolsVersion = 9.1;
						ProvisioningStyle = Automatic;
					};
				};
			};
			buildConfigurationList = 87A0377C1FD854BF00E7420B /* Build configuration list for PBXProject "Uai Fotos" */;
			compatibilityVersion = "Xcode 8.0";
			developmentRegion = en;
			hasScannedForEncodings = 0;
			knownRegions = (
				en,
				Base,
			);
			mainGroup = 87A037781FD854BF00E7420B;
			productRefGroup = 87A037821FD854BF00E7420B /* Products */;
			projectDirPath = "";
			projectRoot = "";
			targets = (
				87A037801FD854BF00E7420B /* Uai Fotos */,
			);
		};
/* End PBXProject section */

/* Begin PBXResourcesBuildPhase section */
		87A0377F1FD854BF00E7420B /* Resources */ = {
			isa = PBXResourcesBuildPhase;
			buildActionMask = 2147483647;
			files = (
				87C233071FD8637B00964C0F /* Login.storyboard in Resources */,
				875BA4081FD9D4430059C038 /* AvatarCollectionViewCell.xib in Resources */,
				87C233061FD8637B00964C0F /* Main.storyboard in Resources */,
				875BA4021FD9C9840059C038 /* AvatarListTableViewCell.xib in Resources */,
				87E79CB01FD89AAB00A23DF7 /* Feed.storyboard in Resources */,
				875BA3F81FD9A95D0059C038 /* FeedPhotoCell.xib in Resources */,
				87E79CBA1FD8B4C200A23DF7 /* Heart.storyboard in Resources */,
				87C2330B1FD8678200964C0F /* GoogleService-Info.plist in Resources */,
				87A0378F1FD854C000E7420B /* LaunchScreen.storyboard in Resources */,
				87E79CB61FD8B30A00A23DF7 /* Profile.storyboard in Resources */,
				87E79CB81FD8B3F600A23DF7 /* Search.storyboard in Resources */,
				87A0378C1FD854C000E7420B /* Assets.xcassets in Resources */,
				2591198B1FE1B05000B332AA /* LocalPhotos.storyboard in Resources */,
				23EA7FDB1FD9DD7A006FB4E5 /* ActivityTableViewCell.xib in Resources */,
				875BA3F41FD9A1020059C038 /* Mural-Script.ttf in Resources */,
			);
			runOnlyForDeploymentPostprocessing = 0;
		};
/* End PBXResourcesBuildPhase section */

/* Begin PBXShellScriptBuildPhase section */
		3B08299DC4476A78B6C4E5BC /* [CP] Copy Pods Resources */ = {
			isa = PBXShellScriptBuildPhase;
			buildActionMask = 2147483647;
			files = (
			);
			inputPaths = (
			);
			name = "[CP] Copy Pods Resources";
			outputPaths = (
			);
			runOnlyForDeploymentPostprocessing = 0;
			shellPath = /bin/sh;
			shellScript = "\"${SRCROOT}/Pods/Target Support Files/Pods-Uai Fotos/Pods-Uai Fotos-resources.sh\"\n";
			showEnvVarsInLog = 0;
		};
		C3D64EE12E9A27DEFAC25ABC /* [CP] Embed Pods Frameworks */ = {
			isa = PBXShellScriptBuildPhase;
			buildActionMask = 2147483647;
			files = (
			);
			inputPaths = (
				"${SRCROOT}/Pods/Target Support Files/Pods-Uai Fotos/Pods-Uai Fotos-frameworks.sh",
				"${BUILT_PRODUCTS_DIR}/Alamofire/Alamofire.framework",
				"${BUILT_PRODUCTS_DIR}/AlamofireObjectMapper/AlamofireObjectMapper.framework",
				"${BUILT_PRODUCTS_DIR}/BFKit-Swift/BFKit.framework",
				"${BUILT_PRODUCTS_DIR}/ChameleonFramework/ChameleonFramework.framework",
				"${BUILT_PRODUCTS_DIR}/Eureka/Eureka.framework",
				"${BUILT_PRODUCTS_DIR}/GTMSessionFetcher/GTMSessionFetcher.framework",
				"${BUILT_PRODUCTS_DIR}/GoogleToolboxForMac/GoogleToolboxForMac.framework",
				"${BUILT_PRODUCTS_DIR}/Hero/Hero.framework",
				"${BUILT_PRODUCTS_DIR}/IQKeyboardManagerSwift/IQKeyboardManagerSwift.framework",
				"${BUILT_PRODUCTS_DIR}/Kingfisher/Kingfisher.framework",
				"${BUILT_PRODUCTS_DIR}/ObjectMapper/ObjectMapper.framework",
				"${BUILT_PRODUCTS_DIR}/RxAlamofire/RxAlamofire.framework",
				"${BUILT_PRODUCTS_DIR}/RxSwift/RxSwift.framework",
				"${BUILT_PRODUCTS_DIR}/SVPullToRefresh/SVPullToRefresh.framework",
				"${BUILT_PRODUCTS_DIR}/Spring/Spring.framework",
				"${BUILT_PRODUCTS_DIR}/SwiftMessages/SwiftMessages.framework",
				"${BUILT_PRODUCTS_DIR}/SwiftRandom/SwiftRandom.framework",
				"${BUILT_PRODUCTS_DIR}/SwiftyAvatar/SwiftyAvatar.framework",
				"${BUILT_PRODUCTS_DIR}/nanopb/nanopb.framework",
			);
			name = "[CP] Embed Pods Frameworks";
			outputPaths = (
				"${TARGET_BUILD_DIR}/${FRAMEWORKS_FOLDER_PATH}/Alamofire.framework",
				"${TARGET_BUILD_DIR}/${FRAMEWORKS_FOLDER_PATH}/AlamofireObjectMapper.framework",
				"${TARGET_BUILD_DIR}/${FRAMEWORKS_FOLDER_PATH}/BFKit.framework",
				"${TARGET_BUILD_DIR}/${FRAMEWORKS_FOLDER_PATH}/ChameleonFramework.framework",
				"${TARGET_BUILD_DIR}/${FRAMEWORKS_FOLDER_PATH}/Eureka.framework",
				"${TARGET_BUILD_DIR}/${FRAMEWORKS_FOLDER_PATH}/GTMSessionFetcher.framework",
				"${TARGET_BUILD_DIR}/${FRAMEWORKS_FOLDER_PATH}/GoogleToolboxForMac.framework",
				"${TARGET_BUILD_DIR}/${FRAMEWORKS_FOLDER_PATH}/Hero.framework",
				"${TARGET_BUILD_DIR}/${FRAMEWORKS_FOLDER_PATH}/IQKeyboardManagerSwift.framework",
				"${TARGET_BUILD_DIR}/${FRAMEWORKS_FOLDER_PATH}/Kingfisher.framework",
				"${TARGET_BUILD_DIR}/${FRAMEWORKS_FOLDER_PATH}/ObjectMapper.framework",
				"${TARGET_BUILD_DIR}/${FRAMEWORKS_FOLDER_PATH}/RxAlamofire.framework",
				"${TARGET_BUILD_DIR}/${FRAMEWORKS_FOLDER_PATH}/RxSwift.framework",
				"${TARGET_BUILD_DIR}/${FRAMEWORKS_FOLDER_PATH}/SVPullToRefresh.framework",
				"${TARGET_BUILD_DIR}/${FRAMEWORKS_FOLDER_PATH}/Spring.framework",
				"${TARGET_BUILD_DIR}/${FRAMEWORKS_FOLDER_PATH}/SwiftMessages.framework",
				"${TARGET_BUILD_DIR}/${FRAMEWORKS_FOLDER_PATH}/SwiftRandom.framework",
				"${TARGET_BUILD_DIR}/${FRAMEWORKS_FOLDER_PATH}/SwiftyAvatar.framework",
				"${TARGET_BUILD_DIR}/${FRAMEWORKS_FOLDER_PATH}/nanopb.framework",
			);
			runOnlyForDeploymentPostprocessing = 0;
			shellPath = /bin/sh;
			shellScript = "\"${SRCROOT}/Pods/Target Support Files/Pods-Uai Fotos/Pods-Uai Fotos-frameworks.sh\"\n";
			showEnvVarsInLog = 0;
		};
		FBF25A501FC01E322C05BE39 /* [CP] Check Pods Manifest.lock */ = {
			isa = PBXShellScriptBuildPhase;
			buildActionMask = 2147483647;
			files = (
			);
			inputPaths = (
				"${PODS_PODFILE_DIR_PATH}/Podfile.lock",
				"${PODS_ROOT}/Manifest.lock",
			);
			name = "[CP] Check Pods Manifest.lock";
			outputPaths = (
				"$(DERIVED_FILE_DIR)/Pods-Uai Fotos-checkManifestLockResult.txt",
			);
			runOnlyForDeploymentPostprocessing = 0;
			shellPath = /bin/sh;
			shellScript = "diff \"${PODS_PODFILE_DIR_PATH}/Podfile.lock\" \"${PODS_ROOT}/Manifest.lock\" > /dev/null\nif [ $? != 0 ] ; then\n    # print error to STDERR\n    echo \"error: The sandbox is not in sync with the Podfile.lock. Run 'pod install' or update your CocoaPods installation.\" >&2\n    exit 1\nfi\n# This output is used by Xcode 'outputs' to avoid re-running this script phase.\necho \"SUCCESS\" > \"${SCRIPT_OUTPUT_FILE_0}\"\n";
			showEnvVarsInLog = 0;
		};
/* End PBXShellScriptBuildPhase section */

/* Begin PBXSourcesBuildPhase section */
		87A0377D1FD854BF00E7420B /* Sources */ = {
			isa = PBXSourcesBuildPhase;
			buildActionMask = 2147483647;
			files = (
				25736CA71FE2EC6900CCF070 /* LocationDTO.swift in Sources */,
				250C8EA71FE311F80055EAC6 /* PhotoCell.swift in Sources */,
				87F820991FDB155D0047C2CD /* AttributedString.swift in Sources */,
				259119871FE1B01800B332AA /* LocalPhotosViewController.swift in Sources */,
				23EA7FDF1FD9E8BC006FB4E5 /* ActivityTableViewController.swift in Sources */,
				259119881FE1B01800B332AA /* LocalPhotosInteractor.swift in Sources */,
				87A782291FE18B8500D26D96 /* ProfileModels.swift in Sources */,
				875BA3FA1FD9B6C40059C038 /* FeedPhotoTableViewCell.swift in Sources */,
				87F8208F1FDAF1420047C2CD /* PicsumApi.swift in Sources */,
				87ABA7491FE05AE500A519F8 /* SearchModels.swift in Sources */,
				87A7822A1FE18B8500D26D96 /* ProfileViewController.swift in Sources */,
				87C233091FD8637B00964C0F /* LoginViewController.swift in Sources */,
				87A782271FE18B8500D26D96 /* ProfileWorker.swift in Sources */,
				87F820931FDAFD5E0047C2CD /* UaiFotosDataStore.swift in Sources */,
				87A7822B1FE18B8500D26D96 /* ProfileInteractor.swift in Sources */,
				87F820951FDAFD940047C2CD /* UserDTO.swift in Sources */,
				87F820971FDAFDED0047C2CD /* PhotoDTO.swift in Sources */,
				235F362F1FDB274B006E7A21 /* TabBarSwitcher.swift in Sources */,
				87A782261FE18B8500D26D96 /* ProfilePresenter.swift in Sources */,
				87E79CAE1FD88B5000A23DF7 /* colors.swift in Sources */,
				87E79CAC1FD86F7500A23DF7 /* SwiftMessagesExtensions.swift in Sources */,
				6CD303ED1FE17FED00EDBE21 /* PhotoGalleryViewController.swift in Sources */,
				87ABA74B1FE05B6200A519F8 /* SearchRouter.swift in Sources */,
				23EA7FDA1FD9DD7A006FB4E5 /* ActivityTableViewCell.swift in Sources */,
				259119841FE1B01800B332AA /* LocalPhotosWorker.swift in Sources */,
				87ABA74D1FE05C4400A519F8 /* SearchWorker.swift in Sources */,
				87ABA7431FE0571700A519F8 /* SearchViewController.swift in Sources */,
				875BA3F61FD9A8050059C038 /* FeedTableViewController.swift in Sources */,
				16ED8FAD1FE1CEF4000B0D2F /* ShowViewController.swift in Sources */,
				6CD303EF1FE18FAE00EDBE21 /* PhotoCollectionViewCell.swift in Sources */,
				87ABA7471FE05A8000A519F8 /* SearchPresenter.swift in Sources */,
				259119851FE1B01800B332AA /* LocalPhotosRouter.swift in Sources */,
				875BA4071FD9D4430059C038 /* AvatarCollectionViewCell.swift in Sources */,
				87F8208C1FDAEBA80047C2CD /* PicsumImageDTO.swift in Sources */,
				87E79CB21FD89ED200A23DF7 /* MainTabBarViewController.swift in Sources */,
				259119831FE1B01800B332AA /* LocalPhotosPresenter.swift in Sources */,
				87C233081FD8637B00964C0F /* ViewController.swift in Sources */,
				87A782281FE18B8500D26D96 /* ProfileRouter.swift in Sources */,
				87F820891FDA038C0047C2CD /* Randoms.swift in Sources */,
				875BA4041FD9D2FA0059C038 /* AvatarCollectionData.swift in Sources */,
				16ED8FAF1FE1D7AE000B0D2F /* ActivityDetailViewController.swift in Sources */,
				87A037851FD854BF00E7420B /* AppDelegate.swift in Sources */,
				259119861FE1B01800B332AA /* LocalPhotosModels.swift in Sources */,
				875BA4011FD9C9840059C038 /* AvatarListTableViewCell.swift in Sources */,
				87ABA7451FE0584F00A519F8 /* SearchInteractor.swift in Sources */,
			);
			runOnlyForDeploymentPostprocessing = 0;
		};
/* End PBXSourcesBuildPhase section */

/* Begin PBXVariantGroup section */
		87A0378D1FD854C000E7420B /* LaunchScreen.storyboard */ = {
			isa = PBXVariantGroup;
			children = (
				87A0378E1FD854C000E7420B /* Base */,
			);
			name = LaunchScreen.storyboard;
			sourceTree = "<group>";
		};
/* End PBXVariantGroup section */

/* Begin XCBuildConfiguration section */
		87A037911FD854C000E7420B /* Debug */ = {
			isa = XCBuildConfiguration;
			buildSettings = {
				ALWAYS_SEARCH_USER_PATHS = NO;
				CLANG_ANALYZER_NONNULL = YES;
				CLANG_ANALYZER_NUMBER_OBJECT_CONVERSION = YES_AGGRESSIVE;
				CLANG_CXX_LANGUAGE_STANDARD = "gnu++14";
				CLANG_CXX_LIBRARY = "libc++";
				CLANG_ENABLE_MODULES = YES;
				CLANG_ENABLE_OBJC_ARC = YES;
				CLANG_WARN_BLOCK_CAPTURE_AUTORELEASING = YES;
				CLANG_WARN_BOOL_CONVERSION = YES;
				CLANG_WARN_COMMA = YES;
				CLANG_WARN_CONSTANT_CONVERSION = YES;
				CLANG_WARN_DIRECT_OBJC_ISA_USAGE = YES_ERROR;
				CLANG_WARN_DOCUMENTATION_COMMENTS = YES;
				CLANG_WARN_EMPTY_BODY = YES;
				CLANG_WARN_ENUM_CONVERSION = YES;
				CLANG_WARN_INFINITE_RECURSION = YES;
				CLANG_WARN_INT_CONVERSION = YES;
				CLANG_WARN_NON_LITERAL_NULL_CONVERSION = YES;
				CLANG_WARN_OBJC_LITERAL_CONVERSION = YES;
				CLANG_WARN_OBJC_ROOT_CLASS = YES_ERROR;
				CLANG_WARN_RANGE_LOOP_ANALYSIS = YES;
				CLANG_WARN_STRICT_PROTOTYPES = YES;
				CLANG_WARN_SUSPICIOUS_MOVE = YES;
				CLANG_WARN_UNGUARDED_AVAILABILITY = YES_AGGRESSIVE;
				CLANG_WARN_UNREACHABLE_CODE = YES;
				CLANG_WARN__DUPLICATE_METHOD_MATCH = YES;
				CODE_SIGN_IDENTITY = "iPhone Developer";
				COPY_PHASE_STRIP = NO;
				DEBUG_INFORMATION_FORMAT = dwarf;
				ENABLE_STRICT_OBJC_MSGSEND = YES;
				ENABLE_TESTABILITY = YES;
				GCC_C_LANGUAGE_STANDARD = gnu11;
				GCC_DYNAMIC_NO_PIC = NO;
				GCC_NO_COMMON_BLOCKS = YES;
				GCC_OPTIMIZATION_LEVEL = 0;
				GCC_PREPROCESSOR_DEFINITIONS = (
					"DEBUG=1",
					"$(inherited)",
				);
				GCC_WARN_64_TO_32_BIT_CONVERSION = YES;
				GCC_WARN_ABOUT_RETURN_TYPE = YES_ERROR;
				GCC_WARN_UNDECLARED_SELECTOR = YES;
				GCC_WARN_UNINITIALIZED_AUTOS = YES_AGGRESSIVE;
				GCC_WARN_UNUSED_FUNCTION = YES;
				GCC_WARN_UNUSED_VARIABLE = YES;
				IPHONEOS_DEPLOYMENT_TARGET = 10.0;
				MTL_ENABLE_DEBUG_INFO = YES;
				ONLY_ACTIVE_ARCH = YES;
				SDKROOT = iphoneos;
				SWIFT_ACTIVE_COMPILATION_CONDITIONS = DEBUG;
				SWIFT_OPTIMIZATION_LEVEL = "-Onone";
			};
			name = Debug;
		};
		87A037921FD854C000E7420B /* Release */ = {
			isa = XCBuildConfiguration;
			buildSettings = {
				ALWAYS_SEARCH_USER_PATHS = NO;
				CLANG_ANALYZER_NONNULL = YES;
				CLANG_ANALYZER_NUMBER_OBJECT_CONVERSION = YES_AGGRESSIVE;
				CLANG_CXX_LANGUAGE_STANDARD = "gnu++14";
				CLANG_CXX_LIBRARY = "libc++";
				CLANG_ENABLE_MODULES = YES;
				CLANG_ENABLE_OBJC_ARC = YES;
				CLANG_WARN_BLOCK_CAPTURE_AUTORELEASING = YES;
				CLANG_WARN_BOOL_CONVERSION = YES;
				CLANG_WARN_COMMA = YES;
				CLANG_WARN_CONSTANT_CONVERSION = YES;
				CLANG_WARN_DIRECT_OBJC_ISA_USAGE = YES_ERROR;
				CLANG_WARN_DOCUMENTATION_COMMENTS = YES;
				CLANG_WARN_EMPTY_BODY = YES;
				CLANG_WARN_ENUM_CONVERSION = YES;
				CLANG_WARN_INFINITE_RECURSION = YES;
				CLANG_WARN_INT_CONVERSION = YES;
				CLANG_WARN_NON_LITERAL_NULL_CONVERSION = YES;
				CLANG_WARN_OBJC_LITERAL_CONVERSION = YES;
				CLANG_WARN_OBJC_ROOT_CLASS = YES_ERROR;
				CLANG_WARN_RANGE_LOOP_ANALYSIS = YES;
				CLANG_WARN_STRICT_PROTOTYPES = YES;
				CLANG_WARN_SUSPICIOUS_MOVE = YES;
				CLANG_WARN_UNGUARDED_AVAILABILITY = YES_AGGRESSIVE;
				CLANG_WARN_UNREACHABLE_CODE = YES;
				CLANG_WARN__DUPLICATE_METHOD_MATCH = YES;
				CODE_SIGN_IDENTITY = "iPhone Developer";
				COPY_PHASE_STRIP = NO;
				DEBUG_INFORMATION_FORMAT = "dwarf-with-dsym";
				ENABLE_NS_ASSERTIONS = NO;
				ENABLE_STRICT_OBJC_MSGSEND = YES;
				GCC_C_LANGUAGE_STANDARD = gnu11;
				GCC_NO_COMMON_BLOCKS = YES;
				GCC_WARN_64_TO_32_BIT_CONVERSION = YES;
				GCC_WARN_ABOUT_RETURN_TYPE = YES_ERROR;
				GCC_WARN_UNDECLARED_SELECTOR = YES;
				GCC_WARN_UNINITIALIZED_AUTOS = YES_AGGRESSIVE;
				GCC_WARN_UNUSED_FUNCTION = YES;
				GCC_WARN_UNUSED_VARIABLE = YES;
				IPHONEOS_DEPLOYMENT_TARGET = 10.0;
				MTL_ENABLE_DEBUG_INFO = NO;
				SDKROOT = iphoneos;
				SWIFT_OPTIMIZATION_LEVEL = "-Owholemodule";
				VALIDATE_PRODUCT = YES;
			};
			name = Release;
		};
		87A037941FD854C000E7420B /* Debug */ = {
			isa = XCBuildConfiguration;
			baseConfigurationReference = 0CF86E242E205BE6D73454B8 /* Pods-Uai Fotos.debug.xcconfig */;
			buildSettings = {
				ASSETCATALOG_COMPILER_APPICON_NAME = AppIcon;
				CODE_SIGN_STYLE = Automatic;
				DEVELOPMENT_TEAM = "";
				INFOPLIST_FILE = "Uai Fotos/Info.plist";
				IPHONEOS_DEPLOYMENT_TARGET = 10.0;
				LD_RUNPATH_SEARCH_PATHS = "$(inherited) @executable_path/Frameworks";
				PRODUCT_BUNDLE_IDENTIFIER = "br.com.minas.Uai-Fotos";
				PRODUCT_NAME = "$(TARGET_NAME)";
				SWIFT_VERSION = 4.0;
				TARGETED_DEVICE_FAMILY = "1,2";
			};
			name = Debug;
		};
		87A037951FD854C000E7420B /* Release */ = {
			isa = XCBuildConfiguration;
			baseConfigurationReference = 314227CACC3FA7E1AB1ECD6A /* Pods-Uai Fotos.release.xcconfig */;
			buildSettings = {
				ASSETCATALOG_COMPILER_APPICON_NAME = AppIcon;
				CODE_SIGN_STYLE = Automatic;
				DEVELOPMENT_TEAM = "";
				INFOPLIST_FILE = "Uai Fotos/Info.plist";
				IPHONEOS_DEPLOYMENT_TARGET = 10.0;
				LD_RUNPATH_SEARCH_PATHS = "$(inherited) @executable_path/Frameworks";
				PRODUCT_BUNDLE_IDENTIFIER = "br.com.minas.Uai-Fotos";
				PRODUCT_NAME = "$(TARGET_NAME)";
				SWIFT_VERSION = 4.0;
				TARGETED_DEVICE_FAMILY = "1,2";
			};
			name = Release;
		};
/* End XCBuildConfiguration section */

/* Begin XCConfigurationList section */
		87A0377C1FD854BF00E7420B /* Build configuration list for PBXProject "Uai Fotos" */ = {
			isa = XCConfigurationList;
			buildConfigurations = (
				87A037911FD854C000E7420B /* Debug */,
				87A037921FD854C000E7420B /* Release */,
			);
			defaultConfigurationIsVisible = 0;
			defaultConfigurationName = Release;
		};
		87A037931FD854C000E7420B /* Build configuration list for PBXNativeTarget "Uai Fotos" */ = {
			isa = XCConfigurationList;
			buildConfigurations = (
				87A037941FD854C000E7420B /* Debug */,
				87A037951FD854C000E7420B /* Release */,
			);
			defaultConfigurationIsVisible = 0;
			defaultConfigurationName = Release;
		};
/* End XCConfigurationList section */
	};
	rootObject = 87A037791FD854BF00E7420B /* Project object */;
}
